// !$*UTF8*$!
{
	archiveVersion = 1;
	classes = {
	};
	objectVersion = 46;
	objects = {

/* Begin PBXBuildFile section */
		2917B4361DC886B000B1C9E7 /* main.m in Sources */ = {isa = PBXBuildFile; fileRef = 2917B4351DC886B000B1C9E7 /* main.m */; };
		2917B4391DC886B000B1C9E7 /* AppDelegate.m in Sources */ = {isa = PBXBuildFile; fileRef = 2917B4381DC886B000B1C9E7 /* AppDelegate.m */; };
		2917B43C1DC886B100B1C9E7 /* ViewController.m in Sources */ = {isa = PBXBuildFile; fileRef = 2917B43B1DC886B100B1C9E7 /* ViewController.m */; };
		2917B43F1DC886B100B1C9E7 /* Main.storyboard in Resources */ = {isa = PBXBuildFile; fileRef = 2917B43D1DC886B100B1C9E7 /* Main.storyboard */; };
		2917B4411DC886B100B1C9E7 /* Assets.xcassets in Resources */ = {isa = PBXBuildFile; fileRef = 2917B4401DC886B100B1C9E7 /* Assets.xcassets */; };
		2917B4441DC886B100B1C9E7 /* LaunchScreen.storyboard in Resources */ = {isa = PBXBuildFile; fileRef = 2917B4421DC886B100B1C9E7 /* LaunchScreen.storyboard */; };
		295715A11DC88ECF00AAEE1F /* Security.framework in Frameworks */ = {isa = PBXBuildFile; fileRef = 295715A01DC88ECF00AAEE1F /* Security.framework */; };
		295715A31DC88ED900AAEE1F /* CoreLocation.framework in Frameworks */ = {isa = PBXBuildFile; fileRef = 295715A21DC88ED900AAEE1F /* CoreLocation.framework */; };
		295715A51DC88EE000AAEE1F /* CoreGraphics.framework in Frameworks */ = {isa = PBXBuildFile; fileRef = 295715A41DC88EE000AAEE1F /* CoreGraphics.framework */; };
		295715A71DC88EE900AAEE1F /* libxml2.tbd in Frameworks */ = {isa = PBXBuildFile; fileRef = 295715A61DC88EE900AAEE1F /* libxml2.tbd */; };
		295715A91DC88EEF00AAEE1F /* CFNetwork.framework in Frameworks */ = {isa = PBXBuildFile; fileRef = 295715A81DC88EEF00AAEE1F /* CFNetwork.framework */; };
		295715AB1DC88EF600AAEE1F /* SystemConfiguration.framework in Frameworks */ = {isa = PBXBuildFile; fileRef = 295715AA1DC88EF600AAEE1F /* SystemConfiguration.framework */; };
		295715AD1DC88EFC00AAEE1F /* CoreData.framework in Frameworks */ = {isa = PBXBuildFile; fileRef = 295715AC1DC88EFC00AAEE1F /* CoreData.framework */; };
		295715AF1DC88F0300AAEE1F /* libresolv.tbd in Frameworks */ = {isa = PBXBuildFile; fileRef = 295715AE1DC88F0300AAEE1F /* libresolv.tbd */; };
		295715B61DC88FB900AAEE1F /* VCBase.m in Sources */ = {isa = PBXBuildFile; fileRef = 295715B51DC88FB900AAEE1F /* VCBase.m */; };
		295715BB1DC88FED00AAEE1F /* VCMain.m in Sources */ = {isa = PBXBuildFile; fileRef = 295715B81DC88FED00AAEE1F /* VCMain.m */; };
		295715BC1DC88FED00AAEE1F /* VCNavBase.m in Sources */ = {isa = PBXBuildFile; fileRef = 295715BA1DC88FED00AAEE1F /* VCNavBase.m */; };
		295715C41DC890B300AAEE1F /* VCFriends.m in Sources */ = {isa = PBXBuildFile; fileRef = 295715C31DC890B300AAEE1F /* VCFriends.m */; };
		295715C71DC890C000AAEE1F /* VCMessages.m in Sources */ = {isa = PBXBuildFile; fileRef = 295715C61DC890C000AAEE1F /* VCMessages.m */; };
		295715CA1DC890C900AAEE1F /* VCMine.m in Sources */ = {isa = PBXBuildFile; fileRef = 295715C91DC890C900AAEE1F /* VCMine.m */; };
		295715CD1DC890D500AAEE1F /* VCTimeline.m in Sources */ = {isa = PBXBuildFile; fileRef = 295715CC1DC890D500AAEE1F /* VCTimeline.m */; };
		295715D01DC8923800AAEE1F /* VCLogin.m in Sources */ = {isa = PBXBuildFile; fileRef = 295715CF1DC8923800AAEE1F /* VCLogin.m */; };
		295715D31DC8962000AAEE1F /* MJChiBaoZiHeader.m in Sources */ = {isa = PBXBuildFile; fileRef = 295715D21DC8962000AAEE1F /* MJChiBaoZiHeader.m */; };
		295715D71DC8965000AAEE1F /* UIImageView+SDWebImage.m in Sources */ = {isa = PBXBuildFile; fileRef = 295715D61DC8965000AAEE1F /* UIImageView+SDWebImage.m */; };
		295715DA1DC89A2D00AAEE1F /* VCRegister.m in Sources */ = {isa = PBXBuildFile; fileRef = 295715D91DC89A2D00AAEE1F /* VCRegister.m */; };
		295715DE1DC89ACC00AAEE1F /* XmppTools.m in Sources */ = {isa = PBXBuildFile; fileRef = 295715DD1DC89ACC00AAEE1F /* XmppTools.m */; };
		295715E41DC988A600AAEE1F /* MOBFoundation.framework in Frameworks */ = {isa = PBXBuildFile; fileRef = 295715E11DC988A600AAEE1F /* MOBFoundation.framework */; };
		295715E51DC988A600AAEE1F /* MOBFoundationEx.framework in Frameworks */ = {isa = PBXBuildFile; fileRef = 295715E21DC988A600AAEE1F /* MOBFoundationEx.framework */; };
		295715E61DC988A600AAEE1F /* SMS_SDK.framework in Frameworks */ = {isa = PBXBuildFile; fileRef = 295715E31DC988A600AAEE1F /* SMS_SDK.framework */; };
		295715E81DC9896200AAEE1F /* libz.tbd in Frameworks */ = {isa = PBXBuildFile; fileRef = 295715E71DC9896200AAEE1F /* libz.tbd */; };
		295715EA1DC9899E00AAEE1F /* libicucore.tbd in Frameworks */ = {isa = PBXBuildFile; fileRef = 295715E91DC9899E00AAEE1F /* libicucore.tbd */; };
		295715EC1DC989A600AAEE1F /* MessageUI.framework in Frameworks */ = {isa = PBXBuildFile; fileRef = 295715EB1DC989A600AAEE1F /* MessageUI.framework */; };
		295715EE1DC989AD00AAEE1F /* JavaScriptCore.framework in Frameworks */ = {isa = PBXBuildFile; fileRef = 295715ED1DC989AD00AAEE1F /* JavaScriptCore.framework */; };
		295715F01DC989BC00AAEE1F /* libstdc++.tbd in Frameworks */ = {isa = PBXBuildFile; fileRef = 295715EF1DC989BC00AAEE1F /* libstdc++.tbd */; };
		295715F31DC9952600AAEE1F /* VCRegFinish.m in Sources */ = {isa = PBXBuildFile; fileRef = 295715F21DC9952600AAEE1F /* VCRegFinish.m */; };
		295715F61DC99EDF00AAEE1F /* VCMsgesCell.m in Sources */ = {isa = PBXBuildFile; fileRef = 295715F51DC99EDF00AAEE1F /* VCMsgesCell.m */; };
		295715F91DC9B25700AAEE1F /* VCFriendsCell.m in Sources */ = {isa = PBXBuildFile; fileRef = 295715F81DC9B25700AAEE1F /* VCFriendsCell.m */; };
		295716041DC9D80C00AAEE1F /* VCChat.m in Sources */ = {isa = PBXBuildFile; fileRef = 295716031DC9D80C00AAEE1F /* VCChat.m */; };
		295716071DC9E1D300AAEE1F /* VCChatCell.m in Sources */ = {isa = PBXBuildFile; fileRef = 295716061DC9E1D300AAEE1F /* VCChatCell.m */; };
		2957160A1DC9E22100AAEE1F /* ChatInputView.m in Sources */ = {isa = PBXBuildFile; fileRef = 295716091DC9E22100AAEE1F /* ChatInputView.m */; };
		2957160D1DC9E2CE00AAEE1F /* FaceView.m in Sources */ = {isa = PBXBuildFile; fileRef = 2957160C1DC9E2CE00AAEE1F /* FaceView.m */; };
		295716101DC9E9C400AAEE1F /* Message.m in Sources */ = {isa = PBXBuildFile; fileRef = 2957160F1DC9E9C400AAEE1F /* Message.m */; };
		D597DB29BB494C3D657FCBED /* libPods-AtChat.a in Frameworks */ = {isa = PBXBuildFile; fileRef = A3C637443D498CD7AE8A1BD7 /* libPods-AtChat.a */; };
/* End PBXBuildFile section */

/* Begin PBXFileReference section */
		2917B4311DC886AF00B1C9E7 /* AtChat.app */ = {isa = PBXFileReference; explicitFileType = wrapper.application; includeInIndex = 0; path = AtChat.app; sourceTree = BUILT_PRODUCTS_DIR; };
		2917B4351DC886B000B1C9E7 /* main.m */ = {isa = PBXFileReference; lastKnownFileType = sourcecode.c.objc; path = main.m; sourceTree = "<group>"; };
		2917B4371DC886B000B1C9E7 /* AppDelegate.h */ = {isa = PBXFileReference; lastKnownFileType = sourcecode.c.h; name = AppDelegate.h; path = ../../AppDelegate.h; sourceTree = "<group>"; };
		2917B4381DC886B000B1C9E7 /* AppDelegate.m */ = {isa = PBXFileReference; lastKnownFileType = sourcecode.c.objc; name = AppDelegate.m; path = ../../AppDelegate.m; sourceTree = "<group>"; };
		2917B43A1DC886B100B1C9E7 /* ViewController.h */ = {isa = PBXFileReference; lastKnownFileType = sourcecode.c.h; name = ViewController.h; path = ../../ViewController.h; sourceTree = "<group>"; };
		2917B43B1DC886B100B1C9E7 /* ViewController.m */ = {isa = PBXFileReference; lastKnownFileType = sourcecode.c.objc; name = ViewController.m; path = ../../ViewController.m; sourceTree = "<group>"; };
		2917B43E1DC886B100B1C9E7 /* Base */ = {isa = PBXFileReference; lastKnownFileType = file.storyboard; name = Base; path = Base.lproj/Main.storyboard; sourceTree = "<group>"; };
		2917B4401DC886B100B1C9E7 /* Assets.xcassets */ = {isa = PBXFileReference; lastKnownFileType = folder.assetcatalog; path = Assets.xcassets; sourceTree = "<group>"; };
		2917B4431DC886B100B1C9E7 /* Base */ = {isa = PBXFileReference; lastKnownFileType = file.storyboard; name = Base; path = Base.lproj/LaunchScreen.storyboard; sourceTree = "<group>"; };
		2917B4451DC886B100B1C9E7 /* Info.plist */ = {isa = PBXFileReference; lastKnownFileType = text.plist.xml; path = Info.plist; sourceTree = "<group>"; };
		295715A01DC88ECF00AAEE1F /* Security.framework */ = {isa = PBXFileReference; lastKnownFileType = wrapper.framework; name = Security.framework; path = System/Library/Frameworks/Security.framework; sourceTree = SDKROOT; };
		295715A21DC88ED900AAEE1F /* CoreLocation.framework */ = {isa = PBXFileReference; lastKnownFileType = wrapper.framework; name = CoreLocation.framework; path = System/Library/Frameworks/CoreLocation.framework; sourceTree = SDKROOT; };
		295715A41DC88EE000AAEE1F /* CoreGraphics.framework */ = {isa = PBXFileReference; lastKnownFileType = wrapper.framework; name = CoreGraphics.framework; path = System/Library/Frameworks/CoreGraphics.framework; sourceTree = SDKROOT; };
		295715A61DC88EE900AAEE1F /* libxml2.tbd */ = {isa = PBXFileReference; lastKnownFileType = "sourcecode.text-based-dylib-definition"; name = libxml2.tbd; path = usr/lib/libxml2.tbd; sourceTree = SDKROOT; };
		295715A81DC88EEF00AAEE1F /* CFNetwork.framework */ = {isa = PBXFileReference; lastKnownFileType = wrapper.framework; name = CFNetwork.framework; path = System/Library/Frameworks/CFNetwork.framework; sourceTree = SDKROOT; };
		295715AA1DC88EF600AAEE1F /* SystemConfiguration.framework */ = {isa = PBXFileReference; lastKnownFileType = wrapper.framework; name = SystemConfiguration.framework; path = System/Library/Frameworks/SystemConfiguration.framework; sourceTree = SDKROOT; };
		295715AC1DC88EFC00AAEE1F /* CoreData.framework */ = {isa = PBXFileReference; lastKnownFileType = wrapper.framework; name = CoreData.framework; path = System/Library/Frameworks/CoreData.framework; sourceTree = SDKROOT; };
		295715AE1DC88F0300AAEE1F /* libresolv.tbd */ = {isa = PBXFileReference; lastKnownFileType = "sourcecode.text-based-dylib-definition"; name = libresolv.tbd; path = usr/lib/libresolv.tbd; sourceTree = SDKROOT; };
		295715B41DC88FB900AAEE1F /* VCBase.h */ = {isa = PBXFileReference; fileEncoding = 4; lastKnownFileType = sourcecode.c.h; path = VCBase.h; sourceTree = "<group>"; };
		295715B51DC88FB900AAEE1F /* VCBase.m */ = {isa = PBXFileReference; fileEncoding = 4; lastKnownFileType = sourcecode.c.objc; path = VCBase.m; sourceTree = "<group>"; };
		295715B71DC88FED00AAEE1F /* VCMain.h */ = {isa = PBXFileReference; fileEncoding = 4; lastKnownFileType = sourcecode.c.h; path = VCMain.h; sourceTree = "<group>"; };
		295715B81DC88FED00AAEE1F /* VCMain.m */ = {isa = PBXFileReference; fileEncoding = 4; lastKnownFileType = sourcecode.c.objc; path = VCMain.m; sourceTree = "<group>"; };
		295715B91DC88FED00AAEE1F /* VCNavBase.h */ = {isa = PBXFileReference; fileEncoding = 4; lastKnownFileType = sourcecode.c.h; path = VCNavBase.h; sourceTree = "<group>"; };
		295715BA1DC88FED00AAEE1F /* VCNavBase.m */ = {isa = PBXFileReference; fileEncoding = 4; lastKnownFileType = sourcecode.c.objc; path = VCNavBase.m; sourceTree = "<group>"; };
		295715BD1DC8900500AAEE1F /* AtChat.pch */ = {isa = PBXFileReference; lastKnownFileType = sourcecode.c.h; path = AtChat.pch; sourceTree = "<group>"; };
		295715C11DC8906100AAEE1F /* NetContants.h */ = {isa = PBXFileReference; lastKnownFileType = sourcecode.c.h; path = NetContants.h; sourceTree = "<group>"; };
		295715C21DC890B300AAEE1F /* VCFriends.h */ = {isa = PBXFileReference; fileEncoding = 4; lastKnownFileType = sourcecode.c.h; path = VCFriends.h; sourceTree = "<group>"; };
		295715C31DC890B300AAEE1F /* VCFriends.m */ = {isa = PBXFileReference; fileEncoding = 4; lastKnownFileType = sourcecode.c.objc; path = VCFriends.m; sourceTree = "<group>"; };
		295715C51DC890C000AAEE1F /* VCMessages.h */ = {isa = PBXFileReference; fileEncoding = 4; lastKnownFileType = sourcecode.c.h; path = VCMessages.h; sourceTree = "<group>"; };
		295715C61DC890C000AAEE1F /* VCMessages.m */ = {isa = PBXFileReference; fileEncoding = 4; lastKnownFileType = sourcecode.c.objc; path = VCMessages.m; sourceTree = "<group>"; };
		295715C81DC890C900AAEE1F /* VCMine.h */ = {isa = PBXFileReference; fileEncoding = 4; lastKnownFileType = sourcecode.c.h; path = VCMine.h; sourceTree = "<group>"; };
		295715C91DC890C900AAEE1F /* VCMine.m */ = {isa = PBXFileReference; fileEncoding = 4; lastKnownFileType = sourcecode.c.objc; path = VCMine.m; sourceTree = "<group>"; };
		295715CB1DC890D500AAEE1F /* VCTimeline.h */ = {isa = PBXFileReference; fileEncoding = 4; lastKnownFileType = sourcecode.c.h; path = VCTimeline.h; sourceTree = "<group>"; };
		295715CC1DC890D500AAEE1F /* VCTimeline.m */ = {isa = PBXFileReference; fileEncoding = 4; lastKnownFileType = sourcecode.c.objc; path = VCTimeline.m; sourceTree = "<group>"; };
		295715CE1DC8923800AAEE1F /* VCLogin.h */ = {isa = PBXFileReference; fileEncoding = 4; lastKnownFileType = sourcecode.c.h; path = VCLogin.h; sourceTree = "<group>"; };
		295715CF1DC8923800AAEE1F /* VCLogin.m */ = {isa = PBXFileReference; fileEncoding = 4; lastKnownFileType = sourcecode.c.objc; path = VCLogin.m; sourceTree = "<group>"; };
		295715D11DC8962000AAEE1F /* MJChiBaoZiHeader.h */ = {isa = PBXFileReference; fileEncoding = 4; lastKnownFileType = sourcecode.c.h; path = MJChiBaoZiHeader.h; sourceTree = "<group>"; };
		295715D21DC8962000AAEE1F /* MJChiBaoZiHeader.m */ = {isa = PBXFileReference; fileEncoding = 4; lastKnownFileType = sourcecode.c.objc; path = MJChiBaoZiHeader.m; sourceTree = "<group>"; };
		295715D51DC8965000AAEE1F /* UIImageView+SDWebImage.h */ = {isa = PBXFileReference; fileEncoding = 4; lastKnownFileType = sourcecode.c.h; path = "UIImageView+SDWebImage.h"; sourceTree = "<group>"; };
		295715D61DC8965000AAEE1F /* UIImageView+SDWebImage.m */ = {isa = PBXFileReference; fileEncoding = 4; lastKnownFileType = sourcecode.c.objc; path = "UIImageView+SDWebImage.m"; sourceTree = "<group>"; };
		295715D81DC89A2D00AAEE1F /* VCRegister.h */ = {isa = PBXFileReference; fileEncoding = 4; lastKnownFileType = sourcecode.c.h; path = VCRegister.h; sourceTree = "<group>"; };
		295715D91DC89A2D00AAEE1F /* VCRegister.m */ = {isa = PBXFileReference; fileEncoding = 4; lastKnownFileType = sourcecode.c.objc; path = VCRegister.m; sourceTree = "<group>"; };
		295715DB1DC89ACC00AAEE1F /* XMPPConfig.h */ = {isa = PBXFileReference; fileEncoding = 4; lastKnownFileType = sourcecode.c.h; path = XMPPConfig.h; sourceTree = "<group>"; };
		295715DC1DC89ACC00AAEE1F /* XmppTools.h */ = {isa = PBXFileReference; fileEncoding = 4; lastKnownFileType = sourcecode.c.h; path = XmppTools.h; sourceTree = "<group>"; };
		295715DD1DC89ACC00AAEE1F /* XmppTools.m */ = {isa = PBXFileReference; fileEncoding = 4; lastKnownFileType = sourcecode.c.objc; path = XmppTools.m; sourceTree = "<group>"; };
		295715E11DC988A600AAEE1F /* MOBFoundation.framework */ = {isa = PBXFileReference; lastKnownFileType = wrapper.framework; path = MOBFoundation.framework; sourceTree = "<group>"; };
		295715E21DC988A600AAEE1F /* MOBFoundationEx.framework */ = {isa = PBXFileReference; lastKnownFileType = wrapper.framework; path = MOBFoundationEx.framework; sourceTree = "<group>"; };
		295715E31DC988A600AAEE1F /* SMS_SDK.framework */ = {isa = PBXFileReference; lastKnownFileType = wrapper.framework; path = SMS_SDK.framework; sourceTree = "<group>"; };
		295715E71DC9896200AAEE1F /* libz.tbd */ = {isa = PBXFileReference; lastKnownFileType = "sourcecode.text-based-dylib-definition"; name = libz.tbd; path = usr/lib/libz.tbd; sourceTree = SDKROOT; };
		295715E91DC9899E00AAEE1F /* libicucore.tbd */ = {isa = PBXFileReference; lastKnownFileType = "sourcecode.text-based-dylib-definition"; name = libicucore.tbd; path = usr/lib/libicucore.tbd; sourceTree = SDKROOT; };
		295715EB1DC989A600AAEE1F /* MessageUI.framework */ = {isa = PBXFileReference; lastKnownFileType = wrapper.framework; name = MessageUI.framework; path = System/Library/Frameworks/MessageUI.framework; sourceTree = SDKROOT; };
		295715ED1DC989AD00AAEE1F /* JavaScriptCore.framework */ = {isa = PBXFileReference; lastKnownFileType = wrapper.framework; name = JavaScriptCore.framework; path = System/Library/Frameworks/JavaScriptCore.framework; sourceTree = SDKROOT; };
		295715EF1DC989BC00AAEE1F /* libstdc++.tbd */ = {isa = PBXFileReference; lastKnownFileType = "sourcecode.text-based-dylib-definition"; name = "libstdc++.tbd"; path = "usr/lib/libstdc++.tbd"; sourceTree = SDKROOT; };
		295715F11DC9952600AAEE1F /* VCRegFinish.h */ = {isa = PBXFileReference; fileEncoding = 4; lastKnownFileType = sourcecode.c.h; path = VCRegFinish.h; sourceTree = "<group>"; };
		295715F21DC9952600AAEE1F /* VCRegFinish.m */ = {isa = PBXFileReference; fileEncoding = 4; lastKnownFileType = sourcecode.c.objc; path = VCRegFinish.m; sourceTree = "<group>"; };
		295715F41DC99EDF00AAEE1F /* VCMsgesCell.h */ = {isa = PBXFileReference; fileEncoding = 4; lastKnownFileType = sourcecode.c.h; path = VCMsgesCell.h; sourceTree = "<group>"; };
		295715F51DC99EDF00AAEE1F /* VCMsgesCell.m */ = {isa = PBXFileReference; fileEncoding = 4; lastKnownFileType = sourcecode.c.objc; path = VCMsgesCell.m; sourceTree = "<group>"; };
		295715F71DC9B25700AAEE1F /* VCFriendsCell.h */ = {isa = PBXFileReference; fileEncoding = 4; lastKnownFileType = sourcecode.c.h; path = VCFriendsCell.h; sourceTree = "<group>"; };
		295715F81DC9B25700AAEE1F /* VCFriendsCell.m */ = {isa = PBXFileReference; fileEncoding = 4; lastKnownFileType = sourcecode.c.objc; path = VCFriendsCell.m; sourceTree = "<group>"; };
		295715FD1DC9D57400AAEE1F /* Notify.h */ = {isa = PBXFileReference; lastKnownFileType = sourcecode.c.h; path = Notify.h; sourceTree = "<group>"; };
		295716021DC9D80C00AAEE1F /* VCChat.h */ = {isa = PBXFileReference; fileEncoding = 4; lastKnownFileType = sourcecode.c.h; path = VCChat.h; sourceTree = "<group>"; };
		295716031DC9D80C00AAEE1F /* VCChat.m */ = {isa = PBXFileReference; fileEncoding = 4; lastKnownFileType = sourcecode.c.objc; path = VCChat.m; sourceTree = "<group>"; };
		295716051DC9E1D300AAEE1F /* VCChatCell.h */ = {isa = PBXFileReference; fileEncoding = 4; lastKnownFileType = sourcecode.c.h; path = VCChatCell.h; sourceTree = "<group>"; };
		295716061DC9E1D300AAEE1F /* VCChatCell.m */ = {isa = PBXFileReference; fileEncoding = 4; lastKnownFileType = sourcecode.c.objc; path = VCChatCell.m; sourceTree = "<group>"; };
		295716081DC9E22100AAEE1F /* ChatInputView.h */ = {isa = PBXFileReference; fileEncoding = 4; lastKnownFileType = sourcecode.c.h; path = ChatInputView.h; sourceTree = "<group>"; };
		295716091DC9E22100AAEE1F /* ChatInputView.m */ = {isa = PBXFileReference; fileEncoding = 4; lastKnownFileType = sourcecode.c.objc; path = ChatInputView.m; sourceTree = "<group>"; };
		2957160B1DC9E2CE00AAEE1F /* FaceView.h */ = {isa = PBXFileReference; fileEncoding = 4; lastKnownFileType = sourcecode.c.h; path = FaceView.h; sourceTree = "<group>"; };
		2957160C1DC9E2CE00AAEE1F /* FaceView.m */ = {isa = PBXFileReference; fileEncoding = 4; lastKnownFileType = sourcecode.c.objc; path = FaceView.m; sourceTree = "<group>"; };
		2957160E1DC9E9C400AAEE1F /* Message.h */ = {isa = PBXFileReference; fileEncoding = 4; lastKnownFileType = sourcecode.c.h; path = Message.h; sourceTree = "<group>"; };
		2957160F1DC9E9C400AAEE1F /* Message.m */ = {isa = PBXFileReference; fileEncoding = 4; lastKnownFileType = sourcecode.c.objc; path = Message.m; sourceTree = "<group>"; };
		A3C637443D498CD7AE8A1BD7 /* libPods-AtChat.a */ = {isa = PBXFileReference; explicitFileType = archive.ar; includeInIndex = 0; path = "libPods-AtChat.a"; sourceTree = BUILT_PRODUCTS_DIR; };
		E253EB9512BD1BA9649BA42A /* Pods-AtChat.release.xcconfig */ = {isa = PBXFileReference; includeInIndex = 1; lastKnownFileType = text.xcconfig; name = "Pods-AtChat.release.xcconfig"; path = "Pods/Target Support Files/Pods-AtChat/Pods-AtChat.release.xcconfig"; sourceTree = "<group>"; };
		F2EB7AF99A4661A6362AF83D /* Pods-AtChat.debug.xcconfig */ = {isa = PBXFileReference; includeInIndex = 1; lastKnownFileType = text.xcconfig; name = "Pods-AtChat.debug.xcconfig"; path = "Pods/Target Support Files/Pods-AtChat/Pods-AtChat.debug.xcconfig"; sourceTree = "<group>"; };
/* End PBXFileReference section */

/* Begin PBXFrameworksBuildPhase section */
		2917B42E1DC886AF00B1C9E7 /* Frameworks */ = {
			isa = PBXFrameworksBuildPhase;
			buildActionMask = 2147483647;
			files = (
				295715F01DC989BC00AAEE1F /* libstdc++.tbd in Frameworks */,
				295715EE1DC989AD00AAEE1F /* JavaScriptCore.framework in Frameworks */,
				295715EC1DC989A600AAEE1F /* MessageUI.framework in Frameworks */,
				295715EA1DC9899E00AAEE1F /* libicucore.tbd in Frameworks */,
				295715E81DC9896200AAEE1F /* libz.tbd in Frameworks */,
				295715AF1DC88F0300AAEE1F /* libresolv.tbd in Frameworks */,
				295715AD1DC88EFC00AAEE1F /* CoreData.framework in Frameworks */,
				295715E41DC988A600AAEE1F /* MOBFoundation.framework in Frameworks */,
				295715AB1DC88EF600AAEE1F /* SystemConfiguration.framework in Frameworks */,
				295715A91DC88EEF00AAEE1F /* CFNetwork.framework in Frameworks */,
				295715A71DC88EE900AAEE1F /* libxml2.tbd in Frameworks */,
				295715A51DC88EE000AAEE1F /* CoreGraphics.framework in Frameworks */,
				295715A31DC88ED900AAEE1F /* CoreLocation.framework in Frameworks */,
				295715E51DC988A600AAEE1F /* MOBFoundationEx.framework in Frameworks */,
				295715E61DC988A600AAEE1F /* SMS_SDK.framework in Frameworks */,
				295715A11DC88ECF00AAEE1F /* Security.framework in Frameworks */,
				D597DB29BB494C3D657FCBED /* libPods-AtChat.a in Frameworks */,
			);
			runOnlyForDeploymentPostprocessing = 0;
		};
/* End PBXFrameworksBuildPhase section */

/* Begin PBXGroup section */
		2917B4281DC886AC00B1C9E7 = {
			isa = PBXGroup;
			children = (
				2917B4331DC886AF00B1C9E7 /* AtChat */,
				2917B4321DC886AF00B1C9E7 /* Products */,
				B5E8190A6AE543800228B4E9 /* Pods */,
				D601C9B7944CCF2E80ECF41C /* Frameworks */,
			);
			sourceTree = "<group>";
		};
		2917B4321DC886AF00B1C9E7 /* Products */ = {
			isa = PBXGroup;
			children = (
				2917B4311DC886AF00B1C9E7 /* AtChat.app */,
			);
			name = Products;
			sourceTree = "<group>";
		};
		2917B4331DC886AF00B1C9E7 /* AtChat */ = {
			isa = PBXGroup;
			children = (
				295715871DC88C7200AAEE1F /* Class */,
				2917B4341DC886B000B1C9E7 /* Supporting Files */,
			);
			path = AtChat;
			sourceTree = "<group>";
		};
		2917B4341DC886B000B1C9E7 /* Supporting Files */ = {
			isa = PBXGroup;
			children = (
				2917B4401DC886B100B1C9E7 /* Assets.xcassets */,
				2917B4451DC886B100B1C9E7 /* Info.plist */,
				2917B4351DC886B000B1C9E7 /* main.m */,
				295715BD1DC8900500AAEE1F /* AtChat.pch */,
			);
			name = "Supporting Files";
			sourceTree = "<group>";
		};
		295715871DC88C7200AAEE1F /* Class */ = {
			isa = PBXGroup;
			children = (
				2957159F1DC88CB400AAEE1F /* Base */,
				295715B01DC88F7800AAEE1F /* System */,
				295715FE1DC9D7EE00AAEE1F /* Chat */,
				295715881DC88C7200AAEE1F /* Friends */,
				2957158D1DC88C7200AAEE1F /* Message */,
				295715911DC88C7200AAEE1F /* Mine */,
				295715961DC88C7200AAEE1F /* Timeline */,
				295715951DC88C7200AAEE1F /* Other */,
				2957158C1DC88C7200AAEE1F /* Lib */,
				2957159A1DC88C7200AAEE1F /* Tools */,
			);
			path = Class;
			sourceTree = "<group>";
		};
		295715881DC88C7200AAEE1F /* Friends */ = {
			isa = PBXGroup;
			children = (
				2957158A1DC88C7200AAEE1F /* Model */,
				2957158B1DC88C7200AAEE1F /* View */,
				295715891DC88C7200AAEE1F /* Controller */,
			);
			path = Friends;
			sourceTree = "<group>";
		};
		295715891DC88C7200AAEE1F /* Controller */ = {
			isa = PBXGroup;
			children = (
				295715C21DC890B300AAEE1F /* VCFriends.h */,
				295715C31DC890B300AAEE1F /* VCFriends.m */,
			);
			path = Controller;
			sourceTree = "<group>";
		};
		2957158A1DC88C7200AAEE1F /* Model */ = {
			isa = PBXGroup;
			children = (
			);
			path = Model;
			sourceTree = "<group>";
		};
		2957158B1DC88C7200AAEE1F /* View */ = {
			isa = PBXGroup;
			children = (
				295715F71DC9B25700AAEE1F /* VCFriendsCell.h */,
				295715F81DC9B25700AAEE1F /* VCFriendsCell.m */,
			);
			path = View;
			sourceTree = "<group>";
		};
		2957158C1DC88C7200AAEE1F /* Lib */ = {
			isa = PBXGroup;
			children = (
				295715E01DC988A600AAEE1F /* SMS_SDK */,
			);
			path = Lib;
			sourceTree = "<group>";
		};
		2957158D1DC88C7200AAEE1F /* Message */ = {
			isa = PBXGroup;
			children = (
				2957158F1DC88C7200AAEE1F /* Model */,
				295715901DC88C7200AAEE1F /* View */,
				2957158E1DC88C7200AAEE1F /* Controller */,
			);
			path = Message;
			sourceTree = "<group>";
		};
		2957158E1DC88C7200AAEE1F /* Controller */ = {
			isa = PBXGroup;
			children = (
				295715C51DC890C000AAEE1F /* VCMessages.h */,
				295715C61DC890C000AAEE1F /* VCMessages.m */,
			);
			path = Controller;
			sourceTree = "<group>";
		};
		2957158F1DC88C7200AAEE1F /* Model */ = {
			isa = PBXGroup;
			children = (
			);
			path = Model;
			sourceTree = "<group>";
		};
		295715901DC88C7200AAEE1F /* View */ = {
			isa = PBXGroup;
			children = (
				295715F41DC99EDF00AAEE1F /* VCMsgesCell.h */,
				295715F51DC99EDF00AAEE1F /* VCMsgesCell.m */,
			);
			path = View;
			sourceTree = "<group>";
		};
		295715911DC88C7200AAEE1F /* Mine */ = {
			isa = PBXGroup;
			children = (
				295715931DC88C7200AAEE1F /* Model */,
				295715941DC88C7200AAEE1F /* View */,
				295715921DC88C7200AAEE1F /* Controller */,
			);
			path = Mine;
			sourceTree = "<group>";
		};
		295715921DC88C7200AAEE1F /* Controller */ = {
			isa = PBXGroup;
			children = (
				295715C81DC890C900AAEE1F /* VCMine.h */,
				295715C91DC890C900AAEE1F /* VCMine.m */,
			);
			path = Controller;
			sourceTree = "<group>";
		};
		295715931DC88C7200AAEE1F /* Model */ = {
			isa = PBXGroup;
			children = (
			);
			path = Model;
			sourceTree = "<group>";
		};
		295715941DC88C7200AAEE1F /* View */ = {
			isa = PBXGroup;
			children = (
			);
			path = View;
			sourceTree = "<group>";
		};
		295715951DC88C7200AAEE1F /* Other */ = {
			isa = PBXGroup;
			children = (
				2917B4371DC886B000B1C9E7 /* AppDelegate.h */,
				2917B4381DC886B000B1C9E7 /* AppDelegate.m */,
				2917B43D1DC886B100B1C9E7 /* Main.storyboard */,
				2917B4421DC886B100B1C9E7 /* LaunchScreen.storyboard */,
				2917B43A1DC886B100B1C9E7 /* ViewController.h */,
				2917B43B1DC886B100B1C9E7 /* ViewController.m */,
			);
			path = Other;
			sourceTree = "<group>";
		};
		295715961DC88C7200AAEE1F /* Timeline */ = {
			isa = PBXGroup;
			children = (
				295715981DC88C7200AAEE1F /* Model */,
				295715991DC88C7200AAEE1F /* View */,
				295715971DC88C7200AAEE1F /* Controller */,
			);
			path = Timeline;
			sourceTree = "<group>";
		};
		295715971DC88C7200AAEE1F /* Controller */ = {
			isa = PBXGroup;
			children = (
				295715CB1DC890D500AAEE1F /* VCTimeline.h */,
				295715CC1DC890D500AAEE1F /* VCTimeline.m */,
			);
			path = Controller;
			sourceTree = "<group>";
		};
		295715981DC88C7200AAEE1F /* Model */ = {
			isa = PBXGroup;
			children = (
			);
			path = Model;
			sourceTree = "<group>";
		};
		295715991DC88C7200AAEE1F /* View */ = {
			isa = PBXGroup;
			children = (
			);
			path = View;
			sourceTree = "<group>";
		};
		2957159A1DC88C7200AAEE1F /* Tools */ = {
			isa = PBXGroup;
			children = (
				295715D41DC8964400AAEE1F /* Category */,
				2957159B1DC88C7200AAEE1F /* Const */,
				2957159C1DC88C7200AAEE1F /* DataBase */,
				2957159D1DC88C7200AAEE1F /* Macros */,
				2957159E1DC88C7200AAEE1F /* Network */,
			);
			path = Tools;
			sourceTree = "<group>";
		};
		2957159B1DC88C7200AAEE1F /* Const */ = {
			isa = PBXGroup;
			children = (
				295715C11DC8906100AAEE1F /* NetContants.h */,
				295715FD1DC9D57400AAEE1F /* Notify.h */,
			);
			path = Const;
			sourceTree = "<group>";
		};
		2957159C1DC88C7200AAEE1F /* DataBase */ = {
			isa = PBXGroup;
			children = (
			);
			path = DataBase;
			sourceTree = "<group>";
		};
		2957159D1DC88C7200AAEE1F /* Macros */ = {
			isa = PBXGroup;
			children = (
			);
			path = Macros;
			sourceTree = "<group>";
		};
		2957159E1DC88C7200AAEE1F /* Network */ = {
			isa = PBXGroup;
			children = (
				295715DB1DC89ACC00AAEE1F /* XMPPConfig.h */,
				295715DC1DC89ACC00AAEE1F /* XmppTools.h */,
				295715DD1DC89ACC00AAEE1F /* XmppTools.m */,
			);
			path = Network;
			sourceTree = "<group>";
		};
		2957159F1DC88CB400AAEE1F /* Base */ = {
			isa = PBXGroup;
			children = (
				295715B41DC88FB900AAEE1F /* VCBase.h */,
				295715B51DC88FB900AAEE1F /* VCBase.m */,
				295715B71DC88FED00AAEE1F /* VCMain.h */,
				295715B81DC88FED00AAEE1F /* VCMain.m */,
				295715B91DC88FED00AAEE1F /* VCNavBase.h */,
				295715BA1DC88FED00AAEE1F /* VCNavBase.m */,
				295715D11DC8962000AAEE1F /* MJChiBaoZiHeader.h */,
				295715D21DC8962000AAEE1F /* MJChiBaoZiHeader.m */,
			);
			path = Base;
			sourceTree = "<group>";
		};
		295715B01DC88F7800AAEE1F /* System */ = {
			isa = PBXGroup;
			children = (
				295715B21DC88F7800AAEE1F /* Model */,
				295715B31DC88F7800AAEE1F /* View */,
				295715B11DC88F7800AAEE1F /* Controller */,
			);
			path = System;
			sourceTree = "<group>";
		};
		295715B11DC88F7800AAEE1F /* Controller */ = {
			isa = PBXGroup;
			children = (
				295715CE1DC8923800AAEE1F /* VCLogin.h */,
				295715CF1DC8923800AAEE1F /* VCLogin.m */,
				295715D81DC89A2D00AAEE1F /* VCRegister.h */,
				295715D91DC89A2D00AAEE1F /* VCRegister.m */,
				295715F11DC9952600AAEE1F /* VCRegFinish.h */,
				295715F21DC9952600AAEE1F /* VCRegFinish.m */,
			);
			path = Controller;
			sourceTree = "<group>";
		};
		295715B21DC88F7800AAEE1F /* Model */ = {
			isa = PBXGroup;
			children = (
			);
			path = Model;
			sourceTree = "<group>";
		};
		295715B31DC88F7800AAEE1F /* View */ = {
			isa = PBXGroup;
			children = (
			);
			path = View;
			sourceTree = "<group>";
		};
		295715D41DC8964400AAEE1F /* Category */ = {
			isa = PBXGroup;
			children = (
				295715D51DC8965000AAEE1F /* UIImageView+SDWebImage.h */,
				295715D61DC8965000AAEE1F /* UIImageView+SDWebImage.m */,
			);
			path = Category;
			sourceTree = "<group>";
		};
		295715E01DC988A600AAEE1F /* SMS_SDK */ = {
			isa = PBXGroup;
			children = (
				295715E11DC988A600AAEE1F /* MOBFoundation.framework */,
				295715E21DC988A600AAEE1F /* MOBFoundationEx.framework */,
				295715E31DC988A600AAEE1F /* SMS_SDK.framework */,
			);
			path = SMS_SDK;
			sourceTree = "<group>";
		};
		295715FE1DC9D7EE00AAEE1F /* Chat */ = {
			isa = PBXGroup;
			children = (
				295716001DC9D7EE00AAEE1F /* Model */,
				295716011DC9D7EE00AAEE1F /* View */,
				295715FF1DC9D7EE00AAEE1F /* Controller */,
			);
			path = Chat;
			sourceTree = "<group>";
		};
		295715FF1DC9D7EE00AAEE1F /* Controller */ = {
			isa = PBXGroup;
			children = (
				295716021DC9D80C00AAEE1F /* VCChat.h */,
				295716031DC9D80C00AAEE1F /* VCChat.m */,
			);
			path = Controller;
			sourceTree = "<group>";
		};
		295716001DC9D7EE00AAEE1F /* Model */ = {
			isa = PBXGroup;
			children = (
				2957160E1DC9E9C400AAEE1F /* Message.h */,
				2957160F1DC9E9C400AAEE1F /* Message.m */,
			);
			path = Model;
			sourceTree = "<group>";
		};
		295716011DC9D7EE00AAEE1F /* View */ = {
			isa = PBXGroup;
			children = (
				295716051DC9E1D300AAEE1F /* VCChatCell.h */,
				295716061DC9E1D300AAEE1F /* VCChatCell.m */,
				295716081DC9E22100AAEE1F /* ChatInputView.h */,
				295716091DC9E22100AAEE1F /* ChatInputView.m */,
				2957160B1DC9E2CE00AAEE1F /* FaceView.h */,
				2957160C1DC9E2CE00AAEE1F /* FaceView.m */,
			);
			path = View;
			sourceTree = "<group>";
		};
		B5E8190A6AE543800228B4E9 /* Pods */ = {
			isa = PBXGroup;
			children = (
				F2EB7AF99A4661A6362AF83D /* Pods-AtChat.debug.xcconfig */,
				E253EB9512BD1BA9649BA42A /* Pods-AtChat.release.xcconfig */,
			);
			name = Pods;
			sourceTree = "<group>";
		};
		D601C9B7944CCF2E80ECF41C /* Frameworks */ = {
			isa = PBXGroup;
			children = (
				295715EF1DC989BC00AAEE1F /* libstdc++.tbd */,
				295715ED1DC989AD00AAEE1F /* JavaScriptCore.framework */,
				295715EB1DC989A600AAEE1F /* MessageUI.framework */,
				295715E91DC9899E00AAEE1F /* libicucore.tbd */,
				295715E71DC9896200AAEE1F /* libz.tbd */,
				295715AE1DC88F0300AAEE1F /* libresolv.tbd */,
				295715AC1DC88EFC00AAEE1F /* CoreData.framework */,
				295715AA1DC88EF600AAEE1F /* SystemConfiguration.framework */,
				295715A81DC88EEF00AAEE1F /* CFNetwork.framework */,
				295715A61DC88EE900AAEE1F /* libxml2.tbd */,
				295715A41DC88EE000AAEE1F /* CoreGraphics.framework */,
				295715A21DC88ED900AAEE1F /* CoreLocation.framework */,
				295715A01DC88ECF00AAEE1F /* Security.framework */,
				A3C637443D498CD7AE8A1BD7 /* libPods-AtChat.a */,
			);
			name = Frameworks;
			sourceTree = "<group>";
		};
/* End PBXGroup section */

/* Begin PBXNativeTarget section */
		2917B4301DC886AF00B1C9E7 /* AtChat */ = {
			isa = PBXNativeTarget;
			buildConfigurationList = 2917B4481DC886B100B1C9E7 /* Build configuration list for PBXNativeTarget "AtChat" */;
			buildPhases = (
				2569FA6EE20628E7EEC62983 /* Check Pods Manifest.lock */,
				2917B42D1DC886AF00B1C9E7 /* Sources */,
				2917B42E1DC886AF00B1C9E7 /* Frameworks */,
				2917B42F1DC886AF00B1C9E7 /* Resources */,
				8334C3B394F84F794D999BA4 /* Embed Pods Frameworks */,
				58B0168A9B55490F6D2F784C /* Copy Pods Resources */,
			);
			buildRules = (
			);
			dependencies = (
			);
			name = AtChat;
			productName = AtChat;
			productReference = 2917B4311DC886AF00B1C9E7 /* AtChat.app */;
			productType = "com.apple.product-type.application";
		};
/* End PBXNativeTarget section */

/* Begin PBXProject section */
		2917B4291DC886AC00B1C9E7 /* Project object */ = {
			isa = PBXProject;
			attributes = {
				LastUpgradeCheck = 0800;
				ORGANIZATIONNAME = luowei;
				TargetAttributes = {
					2917B4301DC886AF00B1C9E7 = {
						CreatedOnToolsVersion = 8.0;
						ProvisioningStyle = Automatic;
					};
				};
			};
			buildConfigurationList = 2917B42C1DC886AD00B1C9E7 /* Build configuration list for PBXProject "AtChat" */;
			compatibilityVersion = "Xcode 3.2";
			developmentRegion = English;
			hasScannedForEncodings = 0;
			knownRegions = (
				en,
				Base,
			);
			mainGroup = 2917B4281DC886AC00B1C9E7;
			productRefGroup = 2917B4321DC886AF00B1C9E7 /* Products */;
			projectDirPath = "";
			projectRoot = "";
			targets = (
				2917B4301DC886AF00B1C9E7 /* AtChat */,
			);
		};
/* End PBXProject section */

/* Begin PBXResourcesBuildPhase section */
		2917B42F1DC886AF00B1C9E7 /* Resources */ = {
			isa = PBXResourcesBuildPhase;
			buildActionMask = 2147483647;
			files = (
				2917B4441DC886B100B1C9E7 /* LaunchScreen.storyboard in Resources */,
				2917B4411DC886B100B1C9E7 /* Assets.xcassets in Resources */,
				2917B43F1DC886B100B1C9E7 /* Main.storyboard in Resources */,
			);
			runOnlyForDeploymentPostprocessing = 0;
		};
/* End PBXResourcesBuildPhase section */

/* Begin PBXShellScriptBuildPhase section */
		2569FA6EE20628E7EEC62983 /* Check Pods Manifest.lock */ = {
			isa = PBXShellScriptBuildPhase;
			buildActionMask = 2147483647;
			files = (
			);
			inputPaths = (
			);
			name = "Check Pods Manifest.lock";
			outputPaths = (
			);
			runOnlyForDeploymentPostprocessing = 0;
			shellPath = /bin/sh;
			shellScript = "diff \"${PODS_ROOT}/../Podfile.lock\" \"${PODS_ROOT}/Manifest.lock\" > /dev/null\nif [[ $? != 0 ]] ; then\n    cat << EOM\nerror: The sandbox is not in sync with the Podfile.lock. Run 'pod install' or update your CocoaPods installation.\nEOM\n    exit 1\nfi\n";
			showEnvVarsInLog = 0;
		};
		58B0168A9B55490F6D2F784C /* Copy Pods Resources */ = {
			isa = PBXShellScriptBuildPhase;
			buildActionMask = 2147483647;
			files = (
			);
			inputPaths = (
			);
			name = "Copy Pods Resources";
			outputPaths = (
			);
			runOnlyForDeploymentPostprocessing = 0;
			shellPath = /bin/sh;
			shellScript = "\"${SRCROOT}/Pods/Target Support Files/Pods-AtChat/Pods-AtChat-resources.sh\"\n";
			showEnvVarsInLog = 0;
		};
		8334C3B394F84F794D999BA4 /* Embed Pods Frameworks */ = {
			isa = PBXShellScriptBuildPhase;
			buildActionMask = 2147483647;
			files = (
			);
			inputPaths = (
			);
			name = "Embed Pods Frameworks";
			outputPaths = (
			);
			runOnlyForDeploymentPostprocessing = 0;
			shellPath = /bin/sh;
			shellScript = "\"${SRCROOT}/Pods/Target Support Files/Pods-AtChat/Pods-AtChat-frameworks.sh\"\n";
			showEnvVarsInLog = 0;
		};
/* End PBXShellScriptBuildPhase section */

/* Begin PBXSourcesBuildPhase section */
		2917B42D1DC886AF00B1C9E7 /* Sources */ = {
			isa = PBXSourcesBuildPhase;
			buildActionMask = 2147483647;
			files = (
				295715F31DC9952600AAEE1F /* VCRegFinish.m in Sources */,
				295715F61DC99EDF00AAEE1F /* VCMsgesCell.m in Sources */,
				295715D01DC8923800AAEE1F /* VCLogin.m in Sources */,
				295715C71DC890C000AAEE1F /* VCMessages.m in Sources */,
				295716071DC9E1D300AAEE1F /* VCChatCell.m in Sources */,
				2917B43C1DC886B100B1C9E7 /* ViewController.m in Sources */,
				295716101DC9E9C400AAEE1F /* Message.m in Sources */,
				295715BB1DC88FED00AAEE1F /* VCMain.m in Sources */,
				295715C41DC890B300AAEE1F /* VCFriends.m in Sources */,
				295715DA1DC89A2D00AAEE1F /* VCRegister.m in Sources */,
				2917B4391DC886B000B1C9E7 /* AppDelegate.m in Sources */,
				295716041DC9D80C00AAEE1F /* VCChat.m in Sources */,
				2957160D1DC9E2CE00AAEE1F /* FaceView.m in Sources */,
				2917B4361DC886B000B1C9E7 /* main.m in Sources */,
				295715CD1DC890D500AAEE1F /* VCTimeline.m in Sources */,
				295715DE1DC89ACC00AAEE1F /* XmppTools.m in Sources */,
				295715B61DC88FB900AAEE1F /* VCBase.m in Sources */,
				295715BC1DC88FED00AAEE1F /* VCNavBase.m in Sources */,
				295715D71DC8965000AAEE1F /* UIImageView+SDWebImage.m in Sources */,
				295715D31DC8962000AAEE1F /* MJChiBaoZiHeader.m in Sources */,
				295715F91DC9B25700AAEE1F /* VCFriendsCell.m in Sources */,
				295715CA1DC890C900AAEE1F /* VCMine.m in Sources */,
				2957160A1DC9E22100AAEE1F /* ChatInputView.m in Sources */,
			);
			runOnlyForDeploymentPostprocessing = 0;
		};
/* End PBXSourcesBuildPhase section */

/* Begin PBXVariantGroup section */
		2917B43D1DC886B100B1C9E7 /* Main.storyboard */ = {
			isa = PBXVariantGroup;
			children = (
				2917B43E1DC886B100B1C9E7 /* Base */,
			);
			name = Main.storyboard;
			path = ../..;
			sourceTree = "<group>";
		};
		2917B4421DC886B100B1C9E7 /* LaunchScreen.storyboard */ = {
			isa = PBXVariantGroup;
			children = (
				2917B4431DC886B100B1C9E7 /* Base */,
			);
			name = LaunchScreen.storyboard;
			path = ../..;
			sourceTree = "<group>";
		};
/* End PBXVariantGroup section */

/* Begin XCBuildConfiguration section */
		2917B4461DC886B100B1C9E7 /* Debug */ = {
			isa = XCBuildConfiguration;
			buildSettings = {
				ALWAYS_SEARCH_USER_PATHS = NO;
				CLANG_ANALYZER_NONNULL = YES;
				CLANG_CXX_LANGUAGE_STANDARD = "gnu++0x";
				CLANG_CXX_LIBRARY = "libc++";
				CLANG_ENABLE_MODULES = YES;
				CLANG_ENABLE_OBJC_ARC = YES;
				CLANG_WARN_BOOL_CONVERSION = YES;
				CLANG_WARN_CONSTANT_CONVERSION = YES;
				CLANG_WARN_DIRECT_OBJC_ISA_USAGE = YES_ERROR;
				CLANG_WARN_DOCUMENTATION_COMMENTS = YES;
				CLANG_WARN_EMPTY_BODY = YES;
				CLANG_WARN_ENUM_CONVERSION = YES;
				CLANG_WARN_INFINITE_RECURSION = YES;
				CLANG_WARN_INT_CONVERSION = YES;
				CLANG_WARN_OBJC_ROOT_CLASS = YES_ERROR;
				CLANG_WARN_SUSPICIOUS_MOVES = YES;
				CLANG_WARN_UNREACHABLE_CODE = YES;
				CLANG_WARN__DUPLICATE_METHOD_MATCH = YES;
				"CODE_SIGN_IDENTITY[sdk=iphoneos*]" = "iPhone Developer";
				COPY_PHASE_STRIP = NO;
				DEBUG_INFORMATION_FORMAT = dwarf;
				ENABLE_STRICT_OBJC_MSGSEND = YES;
				ENABLE_TESTABILITY = YES;
				GCC_C_LANGUAGE_STANDARD = gnu99;
				GCC_DYNAMIC_NO_PIC = NO;
				GCC_NO_COMMON_BLOCKS = YES;
				GCC_OPTIMIZATION_LEVEL = 0;
				GCC_PREPROCESSOR_DEFINITIONS = (
					"DEBUG=1",
					"$(inherited)",
				);
				GCC_WARN_64_TO_32_BIT_CONVERSION = YES;
				GCC_WARN_ABOUT_RETURN_TYPE = YES_ERROR;
				GCC_WARN_UNDECLARED_SELECTOR = YES;
				GCC_WARN_UNINITIALIZED_AUTOS = YES_AGGRESSIVE;
				GCC_WARN_UNUSED_FUNCTION = YES;
				GCC_WARN_UNUSED_VARIABLE = YES;
				IPHONEOS_DEPLOYMENT_TARGET = 10.0;
				MTL_ENABLE_DEBUG_INFO = YES;
				ONLY_ACTIVE_ARCH = YES;
				SDKROOT = iphoneos;
			};
			name = Debug;
		};
		2917B4471DC886B100B1C9E7 /* Release */ = {
			isa = XCBuildConfiguration;
			buildSettings = {
				ALWAYS_SEARCH_USER_PATHS = NO;
				CLANG_ANALYZER_NONNULL = YES;
				CLANG_CXX_LANGUAGE_STANDARD = "gnu++0x";
				CLANG_CXX_LIBRARY = "libc++";
				CLANG_ENABLE_MODULES = YES;
				CLANG_ENABLE_OBJC_ARC = YES;
				CLANG_WARN_BOOL_CONVERSION = YES;
				CLANG_WARN_CONSTANT_CONVERSION = YES;
				CLANG_WARN_DIRECT_OBJC_ISA_USAGE = YES_ERROR;
				CLANG_WARN_DOCUMENTATION_COMMENTS = YES;
				CLANG_WARN_EMPTY_BODY = YES;
				CLANG_WARN_ENUM_CONVERSION = YES;
				CLANG_WARN_INFINITE_RECURSION = YES;
				CLANG_WARN_INT_CONVERSION = YES;
				CLANG_WARN_OBJC_ROOT_CLASS = YES_ERROR;
				CLANG_WARN_SUSPICIOUS_MOVES = YES;
				CLANG_WARN_UNREACHABLE_CODE = YES;
				CLANG_WARN__DUPLICATE_METHOD_MATCH = YES;
				"CODE_SIGN_IDENTITY[sdk=iphoneos*]" = "iPhone Developer";
				COPY_PHASE_STRIP = NO;
				DEBUG_INFORMATION_FORMAT = "dwarf-with-dsym";
				ENABLE_NS_ASSERTIONS = NO;
				ENABLE_STRICT_OBJC_MSGSEND = YES;
				GCC_C_LANGUAGE_STANDARD = gnu99;
				GCC_NO_COMMON_BLOCKS = YES;
				GCC_WARN_64_TO_32_BIT_CONVERSION = YES;
				GCC_WARN_ABOUT_RETURN_TYPE = YES_ERROR;
				GCC_WARN_UNDECLARED_SELECTOR = YES;
				GCC_WARN_UNINITIALIZED_AUTOS = YES_AGGRESSIVE;
				GCC_WARN_UNUSED_FUNCTION = YES;
				GCC_WARN_UNUSED_VARIABLE = YES;
				IPHONEOS_DEPLOYMENT_TARGET = 10.0;
				MTL_ENABLE_DEBUG_INFO = NO;
				SDKROOT = iphoneos;
				VALIDATE_PRODUCT = YES;
			};
			name = Release;
		};
		2917B4491DC886B100B1C9E7 /* Debug */ = {
			isa = XCBuildConfiguration;
			baseConfigurationReference = F2EB7AF99A4661A6362AF83D /* Pods-AtChat.debug.xcconfig */;
			buildSettings = {
				ASSETCATALOG_COMPILER_APPICON_NAME = AppIcon;
				DEVELOPMENT_TEAM = "";
				FRAMEWORK_SEARCH_PATHS = (
					"$(inherited)",
					"$(PROJECT_DIR)/AtChat/Class/Lib/SMS_SDK",
				);
				GCC_PREFIX_HEADER = AtChat/AtChat.pch;
				INFOPLIST_FILE = AtChat/Info.plist;
				IPHONEOS_DEPLOYMENT_TARGET = 8.0;
				LD_RUNPATH_SEARCH_PATHS = "$(inherited) @executable_path/Frameworks";
				PRODUCT_BUNDLE_IDENTIFIER = com.pentaq.AtChat;
				PRODUCT_NAME = "$(TARGET_NAME)";
			};
			name = Debug;
		};
		2917B44A1DC886B100B1C9E7 /* Release */ = {
			isa = XCBuildConfiguration;
			baseConfigurationReference = E253EB9512BD1BA9649BA42A /* Pods-AtChat.release.xcconfig */;
			buildSettings = {
				ASSETCATALOG_COMPILER_APPICON_NAME = AppIcon;
				DEVELOPMENT_TEAM = "";
				FRAMEWORK_SEARCH_PATHS = (
					"$(inherited)",
					"$(PROJECT_DIR)/AtChat/Class/Lib/SMS_SDK",
				);
				GCC_PREFIX_HEADER = AtChat/AtChat.pch;
				INFOPLIST_FILE = AtChat/Info.plist;
				IPHONEOS_DEPLOYMENT_TARGET = 8.0;
				LD_RUNPATH_SEARCH_PATHS = "$(inherited) @executable_path/Frameworks";
				PRODUCT_BUNDLE_IDENTIFIER = com.pentaq.AtChat;
				PRODUCT_NAME = "$(TARGET_NAME)";
			};
			name = Release;
		};
/* End XCBuildConfiguration section */

/* Begin XCConfigurationList section */
		2917B42C1DC886AD00B1C9E7 /* Build configuration list for PBXProject "AtChat" */ = {
			isa = XCConfigurationList;
			buildConfigurations = (
				2917B4461DC886B100B1C9E7 /* Debug */,
				2917B4471DC886B100B1C9E7 /* Release */,
			);
			defaultConfigurationIsVisible = 0;
			defaultConfigurationName = Release;
		};
		2917B4481DC886B100B1C9E7 /* Build configuration list for PBXNativeTarget "AtChat" */ = {
			isa = XCConfigurationList;
			buildConfigurations = (
				2917B4491DC886B100B1C9E7 /* Debug */,
				2917B44A1DC886B100B1C9E7 /* Release */,
			);
			defaultConfigurationIsVisible = 0;
			defaultConfigurationName = Release;
		};
/* End XCConfigurationList section */
	};
	rootObject = 2917B4291DC886AC00B1C9E7 /* Project object */;
}
