// !$*UTF8*$!
{
	archiveVersion = 1;
	classes = {
	};
	objectVersion = 46;
	objects = {

/* Begin PBXBuildFile section */
		0E6FF53C0CCA75C2439C713B /* Pods_AtChat.framework in Frameworks */ = {isa = PBXBuildFile; fileRef = 36405CC3D0A59FE1DB6D5B60 /* Pods_AtChat.framework */; };
		2917B4361DC886B000B1C9E7 /* main.m in Sources */ = {isa = PBXBuildFile; fileRef = 2917B4351DC886B000B1C9E7 /* main.m */; };
		2917B4391DC886B000B1C9E7 /* AppDelegate.m in Sources */ = {isa = PBXBuildFile; fileRef = 2917B4381DC886B000B1C9E7 /* AppDelegate.m */; };
		2917B43C1DC886B100B1C9E7 /* ViewController.m in Sources */ = {isa = PBXBuildFile; fileRef = 2917B43B1DC886B100B1C9E7 /* ViewController.m */; };
		2917B43F1DC886B100B1C9E7 /* Main.storyboard in Resources */ = {isa = PBXBuildFile; fileRef = 2917B43D1DC886B100B1C9E7 /* Main.storyboard */; };
		2917B4411DC886B100B1C9E7 /* Assets.xcassets in Resources */ = {isa = PBXBuildFile; fileRef = 2917B4401DC886B100B1C9E7 /* Assets.xcassets */; };
		2917B4441DC886B100B1C9E7 /* LaunchScreen.storyboard in Resources */ = {isa = PBXBuildFile; fileRef = 2917B4421DC886B100B1C9E7 /* LaunchScreen.storyboard */; };
		295715A11DC88ECF00AAEE1F /* Security.framework in Frameworks */ = {isa = PBXBuildFile; fileRef = 295715A01DC88ECF00AAEE1F /* Security.framework */; };
		295715A31DC88ED900AAEE1F /* CoreLocation.framework in Frameworks */ = {isa = PBXBuildFile; fileRef = 295715A21DC88ED900AAEE1F /* CoreLocation.framework */; };
		295715A51DC88EE000AAEE1F /* CoreGraphics.framework in Frameworks */ = {isa = PBXBuildFile; fileRef = 295715A41DC88EE000AAEE1F /* CoreGraphics.framework */; };
		295715A71DC88EE900AAEE1F /* libxml2.tbd in Frameworks */ = {isa = PBXBuildFile; fileRef = 295715A61DC88EE900AAEE1F /* libxml2.tbd */; };
		295715A91DC88EEF00AAEE1F /* CFNetwork.framework in Frameworks */ = {isa = PBXBuildFile; fileRef = 295715A81DC88EEF00AAEE1F /* CFNetwork.framework */; };
		295715AB1DC88EF600AAEE1F /* SystemConfiguration.framework in Frameworks */ = {isa = PBXBuildFile; fileRef = 295715AA1DC88EF600AAEE1F /* SystemConfiguration.framework */; };
		295715AD1DC88EFC00AAEE1F /* CoreData.framework in Frameworks */ = {isa = PBXBuildFile; fileRef = 295715AC1DC88EFC00AAEE1F /* CoreData.framework */; };
		295715AF1DC88F0300AAEE1F /* libresolv.tbd in Frameworks */ = {isa = PBXBuildFile; fileRef = 295715AE1DC88F0300AAEE1F /* libresolv.tbd */; };
		295715B61DC88FB900AAEE1F /* VCBase.m in Sources */ = {isa = PBXBuildFile; fileRef = 295715B51DC88FB900AAEE1F /* VCBase.m */; };
		295715BB1DC88FED00AAEE1F /* VCMain.m in Sources */ = {isa = PBXBuildFile; fileRef = 295715B81DC88FED00AAEE1F /* VCMain.m */; };
		295715BC1DC88FED00AAEE1F /* VCNavBase.m in Sources */ = {isa = PBXBuildFile; fileRef = 295715BA1DC88FED00AAEE1F /* VCNavBase.m */; };
		295715C41DC890B300AAEE1F /* VCFriends.m in Sources */ = {isa = PBXBuildFile; fileRef = 295715C31DC890B300AAEE1F /* VCFriends.m */; };
		295715C71DC890C000AAEE1F /* VCMessages.m in Sources */ = {isa = PBXBuildFile; fileRef = 295715C61DC890C000AAEE1F /* VCMessages.m */; };
		295715CA1DC890C900AAEE1F /* VCMine.m in Sources */ = {isa = PBXBuildFile; fileRef = 295715C91DC890C900AAEE1F /* VCMine.m */; };
		295715D01DC8923800AAEE1F /* VCLogin.m in Sources */ = {isa = PBXBuildFile; fileRef = 295715CF1DC8923800AAEE1F /* VCLogin.m */; };
		295715D31DC8962000AAEE1F /* MJChiBaoZiHeader.m in Sources */ = {isa = PBXBuildFile; fileRef = 295715D21DC8962000AAEE1F /* MJChiBaoZiHeader.m */; };
		295715D71DC8965000AAEE1F /* UIImageView+SDWebImage.m in Sources */ = {isa = PBXBuildFile; fileRef = 295715D61DC8965000AAEE1F /* UIImageView+SDWebImage.m */; };
		295715DA1DC89A2D00AAEE1F /* VCRegister.m in Sources */ = {isa = PBXBuildFile; fileRef = 295715D91DC89A2D00AAEE1F /* VCRegister.m */; };
		295715DE1DC89ACC00AAEE1F /* XmppTools.m in Sources */ = {isa = PBXBuildFile; fileRef = 295715DD1DC89ACC00AAEE1F /* XmppTools.m */; };
		295715E41DC988A600AAEE1F /* MOBFoundation.framework in Frameworks */ = {isa = PBXBuildFile; fileRef = 295715E11DC988A600AAEE1F /* MOBFoundation.framework */; };
		295715E51DC988A600AAEE1F /* MOBFoundationEx.framework in Frameworks */ = {isa = PBXBuildFile; fileRef = 295715E21DC988A600AAEE1F /* MOBFoundationEx.framework */; };
		295715E61DC988A600AAEE1F /* SMS_SDK.framework in Frameworks */ = {isa = PBXBuildFile; fileRef = 295715E31DC988A600AAEE1F /* SMS_SDK.framework */; };
		295715E81DC9896200AAEE1F /* libz.tbd in Frameworks */ = {isa = PBXBuildFile; fileRef = 295715E71DC9896200AAEE1F /* libz.tbd */; };
		295715EA1DC9899E00AAEE1F /* libicucore.tbd in Frameworks */ = {isa = PBXBuildFile; fileRef = 295715E91DC9899E00AAEE1F /* libicucore.tbd */; };
		295715EC1DC989A600AAEE1F /* MessageUI.framework in Frameworks */ = {isa = PBXBuildFile; fileRef = 295715EB1DC989A600AAEE1F /* MessageUI.framework */; };
		295715EE1DC989AD00AAEE1F /* JavaScriptCore.framework in Frameworks */ = {isa = PBXBuildFile; fileRef = 295715ED1DC989AD00AAEE1F /* JavaScriptCore.framework */; };
		295715F01DC989BC00AAEE1F /* libstdc++.tbd in Frameworks */ = {isa = PBXBuildFile; fileRef = 295715EF1DC989BC00AAEE1F /* libstdc++.tbd */; };
		295715F31DC9952600AAEE1F /* VCRegFinish.m in Sources */ = {isa = PBXBuildFile; fileRef = 295715F21DC9952600AAEE1F /* VCRegFinish.m */; };
		295715F61DC99EDF00AAEE1F /* VCMsgesCell.m in Sources */ = {isa = PBXBuildFile; fileRef = 295715F51DC99EDF00AAEE1F /* VCMsgesCell.m */; };
		295715F91DC9B25700AAEE1F /* VCFriendsCell.m in Sources */ = {isa = PBXBuildFile; fileRef = 295715F81DC9B25700AAEE1F /* VCFriendsCell.m */; };
		295716041DC9D80C00AAEE1F /* VCChat.m in Sources */ = {isa = PBXBuildFile; fileRef = 295716031DC9D80C00AAEE1F /* VCChat.m */; };
		295716071DC9E1D300AAEE1F /* VCChatCell.m in Sources */ = {isa = PBXBuildFile; fileRef = 295716061DC9E1D300AAEE1F /* VCChatCell.m */; };
		2957160A1DC9E22100AAEE1F /* ChatInputView.m in Sources */ = {isa = PBXBuildFile; fileRef = 295716091DC9E22100AAEE1F /* ChatInputView.m */; };
		2957160D1DC9E2CE00AAEE1F /* FaceView.m in Sources */ = {isa = PBXBuildFile; fileRef = 2957160C1DC9E2CE00AAEE1F /* FaceView.m */; };
		295716101DC9E9C400AAEE1F /* Message.m in Sources */ = {isa = PBXBuildFile; fileRef = 2957160F1DC9E9C400AAEE1F /* Message.m */; };
		295716161DCB273A00AAEE1F /* VCAddFriend.m in Sources */ = {isa = PBXBuildFile; fileRef = 295716151DCB273A00AAEE1F /* VCAddFriend.m */; };
		295716191DCB323D00AAEE1F /* DataStore.m in Sources */ = {isa = PBXBuildFile; fileRef = 295716181DCB323D00AAEE1F /* DataStore.m */; };
		2962120D1E6EB19A00BD5D89 /* VCPhoto.m in Sources */ = {isa = PBXBuildFile; fileRef = 2962120C1E6EB19A00BD5D89 /* VCPhoto.m */; };
		296212131E6FA71F00BD5D89 /* Toast.m in Sources */ = {isa = PBXBuildFile; fileRef = 296212121E6FA71F00BD5D89 /* Toast.m */; };
		296212281E6FDAB200BD5D89 /* VCPublishTimeLine.m in Sources */ = {isa = PBXBuildFile; fileRef = 296212271E6FDAB200BD5D89 /* VCPublishTimeLine.m */; };
		2962122B1E6FE17400BD5D89 /* CollCellTimeLinePic.m in Sources */ = {isa = PBXBuildFile; fileRef = 2962122A1E6FE17400BD5D89 /* CollCellTimeLinePic.m */; };
		2962122E1E6FE21000BD5D89 /* CollCellTimeLineAdd.m in Sources */ = {isa = PBXBuildFile; fileRef = 2962122D1E6FE21000BD5D89 /* CollCellTimeLineAdd.m */; };
		296212311E6FEB9200BD5D89 /* Photo.m in Sources */ = {isa = PBXBuildFile; fileRef = 296212301E6FEB9200BD5D89 /* Photo.m */; };
		296212571E714F4900BD5D89 /* NetTool.m in Sources */ = {isa = PBXBuildFile; fileRef = 296212561E714F4900BD5D89 /* NetTool.m */; };
		2962125A1E71501000BD5D89 /* ApiObject.m in Sources */ = {isa = PBXBuildFile; fileRef = 296212591E71501000BD5D89 /* ApiObject.m */; };
		2962125D1E7152F500BD5D89 /* NetRequestTool.m in Sources */ = {isa = PBXBuildFile; fileRef = 2962125C1E7152F500BD5D89 /* NetRequestTool.m */; };
		296212601E71564100BD5D89 /* DataStoreManager.m in Sources */ = {isa = PBXBuildFile; fileRef = 2962125F1E71564100BD5D89 /* DataStoreManager.m */; };
		296212631E715C4400BD5D89 /* TimeLineTest.m in Sources */ = {isa = PBXBuildFile; fileRef = 296212621E715C4400BD5D89 /* TimeLineTest.m */; };
		296212661E72933000BD5D89 /* ActionSheet.m in Sources */ = {isa = PBXBuildFile; fileRef = 296212651E72933000BD5D89 /* ActionSheet.m */; };
		29CC2F651DCC2CC400120A23 /* CellMeAction.m in Sources */ = {isa = PBXBuildFile; fileRef = 29CC2F621DCC2CC400120A23 /* CellMeAction.m */; };
		29CC2F661DCC2CC400120A23 /* CellSetting.m in Sources */ = {isa = PBXBuildFile; fileRef = 29CC2F641DCC2CC400120A23 /* CellSetting.m */; };
		29CC2F6B1DCC2CD400120A23 /* VCSetting.m in Sources */ = {isa = PBXBuildFile; fileRef = 29CC2F681DCC2CD400120A23 /* VCSetting.m */; };
		29CC2F6C1DCC2CD400120A23 /* VCQr.m in Sources */ = {isa = PBXBuildFile; fileRef = 29CC2F6A1DCC2CD400120A23 /* VCQr.m */; };
		29CC2F7B1DCC2D1700120A23 /* HMScanerCardViewController.m in Sources */ = {isa = PBXBuildFile; fileRef = 29CC2F6F1DCC2D1700120A23 /* HMScanerCardViewController.m */; };
		29CC2F7C1DCC2D1700120A23 /* HMScanner.bundle in Resources */ = {isa = PBXBuildFile; fileRef = 29CC2F701DCC2D1700120A23 /* HMScanner.bundle */; };
		29CC2F7D1DCC2D1700120A23 /* HMScanner.m in Sources */ = {isa = PBXBuildFile; fileRef = 29CC2F721DCC2D1700120A23 /* HMScanner.m */; };
		29CC2F7E1DCC2D1700120A23 /* HMScannerBorder.m in Sources */ = {isa = PBXBuildFile; fileRef = 29CC2F741DCC2D1700120A23 /* HMScannerBorder.m */; };
		29CC2F7F1DCC2D1700120A23 /* HMScannerController.m in Sources */ = {isa = PBXBuildFile; fileRef = 29CC2F761DCC2D1700120A23 /* HMScannerController.m */; };
		29CC2F801DCC2D1700120A23 /* HMScannerMaskView.m in Sources */ = {isa = PBXBuildFile; fileRef = 29CC2F781DCC2D1700120A23 /* HMScannerMaskView.m */; };
		29CC2F811DCC2D1700120A23 /* HMScannerViewController.m in Sources */ = {isa = PBXBuildFile; fileRef = 29CC2F7A1DCC2D1700120A23 /* HMScannerViewController.m */; };
		29CC2F841DCC2DEC00120A23 /* CellUserImg.m in Sources */ = {isa = PBXBuildFile; fileRef = 29CC2F831DCC2DEC00120A23 /* CellUserImg.m */; };
		29CC2F8E1DCC666C00120A23 /* VCDiscover.m in Sources */ = {isa = PBXBuildFile; fileRef = 29CC2F8D1DCC666C00120A23 /* VCDiscover.m */; };
		29CC2F911DCC667800120A23 /* VCTimeline.m in Sources */ = {isa = PBXBuildFile; fileRef = 29CC2F901DCC667800120A23 /* VCTimeline.m */; };
		29CC2F9A1DCC66B700120A23 /* CellTimeLine.m in Sources */ = {isa = PBXBuildFile; fileRef = 29CC2F931DCC66B700120A23 /* CellTimeLine.m */; };
		29CC2F9B1DCC66B700120A23 /* TimeLineHeader.m in Sources */ = {isa = PBXBuildFile; fileRef = 29CC2F951DCC66B700120A23 /* TimeLineHeader.m */; };
		29CC2F9C1DCC66B700120A23 /* TimeLineMenu.m in Sources */ = {isa = PBXBuildFile; fileRef = 29CC2F971DCC66B700120A23 /* TimeLineMenu.m */; };
		29CC2F9D1DCC66B700120A23 /* CellDiscover.m in Sources */ = {isa = PBXBuildFile; fileRef = 29CC2F991DCC66B700120A23 /* CellDiscover.m */; };
		29CC2FA01DCC66C100120A23 /* TimeLine.m in Sources */ = {isa = PBXBuildFile; fileRef = 29CC2F9F1DCC66C100120A23 /* TimeLine.m */; };
		29CC2FB21DCC69FB00120A23 /* MBProgressHUD+Add.m in Sources */ = {isa = PBXBuildFile; fileRef = 29CC2FA31DCC69FB00120A23 /* MBProgressHUD+Add.m */; };
		29CC2FB31DCC69FB00120A23 /* MJPhoto.m in Sources */ = {isa = PBXBuildFile; fileRef = 29CC2FA51DCC69FB00120A23 /* MJPhoto.m */; };
		29CC2FB41DCC69FB00120A23 /* MJPhotoBrowser.m in Sources */ = {isa = PBXBuildFile; fileRef = 29CC2FA71DCC69FB00120A23 /* MJPhotoBrowser.m */; };
		29CC2FB51DCC69FB00120A23 /* MJPhotoLoadingView.m in Sources */ = {isa = PBXBuildFile; fileRef = 29CC2FA91DCC69FB00120A23 /* MJPhotoLoadingView.m */; };
		29CC2FB61DCC69FB00120A23 /* MJPhotoProgressView.m in Sources */ = {isa = PBXBuildFile; fileRef = 29CC2FAB1DCC69FB00120A23 /* MJPhotoProgressView.m */; };
		29CC2FB71DCC69FB00120A23 /* MJPhotoToolbar.m in Sources */ = {isa = PBXBuildFile; fileRef = 29CC2FAD1DCC69FB00120A23 /* MJPhotoToolbar.m */; };
		29CC2FB81DCC69FB00120A23 /* MJPhotoView.m in Sources */ = {isa = PBXBuildFile; fileRef = 29CC2FAF1DCC69FB00120A23 /* MJPhotoView.m */; };
		29CC2FB91DCC69FB00120A23 /* SDWebImageManager+MJ.m in Sources */ = {isa = PBXBuildFile; fileRef = 29CC2FB11DCC69FB00120A23 /* SDWebImageManager+MJ.m */; };
/* End PBXBuildFile section */

/* Begin PBXFileReference section */
		08D227E9DCB2BD1A03FAABB9 /* Pods-AtChat.debug.xcconfig */ = {isa = PBXFileReference; includeInIndex = 1; lastKnownFileType = text.xcconfig; name = "Pods-AtChat.debug.xcconfig"; path = "Pods/Target Support Files/Pods-AtChat/Pods-AtChat.debug.xcconfig"; sourceTree = "<group>"; };
		2917B4311DC886AF00B1C9E7 /* AtChat.app */ = {isa = PBXFileReference; explicitFileType = wrapper.application; includeInIndex = 0; path = AtChat.app; sourceTree = BUILT_PRODUCTS_DIR; };
		2917B4351DC886B000B1C9E7 /* main.m */ = {isa = PBXFileReference; lastKnownFileType = sourcecode.c.objc; path = main.m; sourceTree = "<group>"; };
		2917B4371DC886B000B1C9E7 /* AppDelegate.h */ = {isa = PBXFileReference; lastKnownFileType = sourcecode.c.h; name = AppDelegate.h; path = ../../AppDelegate.h; sourceTree = "<group>"; };
		2917B4381DC886B000B1C9E7 /* AppDelegate.m */ = {isa = PBXFileReference; lastKnownFileType = sourcecode.c.objc; name = AppDelegate.m; path = ../../AppDelegate.m; sourceTree = "<group>"; };
		2917B43A1DC886B100B1C9E7 /* ViewController.h */ = {isa = PBXFileReference; lastKnownFileType = sourcecode.c.h; name = ViewController.h; path = ../../ViewController.h; sourceTree = "<group>"; };
		2917B43B1DC886B100B1C9E7 /* ViewController.m */ = {isa = PBXFileReference; lastKnownFileType = sourcecode.c.objc; name = ViewController.m; path = ../../ViewController.m; sourceTree = "<group>"; };
		2917B43E1DC886B100B1C9E7 /* Base */ = {isa = PBXFileReference; lastKnownFileType = file.storyboard; name = Base; path = Base.lproj/Main.storyboard; sourceTree = "<group>"; };
		2917B4401DC886B100B1C9E7 /* Assets.xcassets */ = {isa = PBXFileReference; lastKnownFileType = folder.assetcatalog; path = Assets.xcassets; sourceTree = "<group>"; };
		2917B4431DC886B100B1C9E7 /* Base */ = {isa = PBXFileReference; lastKnownFileType = file.storyboard; name = Base; path = Base.lproj/LaunchScreen.storyboard; sourceTree = "<group>"; };
		2917B4451DC886B100B1C9E7 /* Info.plist */ = {isa = PBXFileReference; lastKnownFileType = text.plist.xml; path = Info.plist; sourceTree = "<group>"; };
		295715A01DC88ECF00AAEE1F /* Security.framework */ = {isa = PBXFileReference; lastKnownFileType = wrapper.framework; name = Security.framework; path = System/Library/Frameworks/Security.framework; sourceTree = SDKROOT; };
		295715A21DC88ED900AAEE1F /* CoreLocation.framework */ = {isa = PBXFileReference; lastKnownFileType = wrapper.framework; name = CoreLocation.framework; path = System/Library/Frameworks/CoreLocation.framework; sourceTree = SDKROOT; };
		295715A41DC88EE000AAEE1F /* CoreGraphics.framework */ = {isa = PBXFileReference; lastKnownFileType = wrapper.framework; name = CoreGraphics.framework; path = System/Library/Frameworks/CoreGraphics.framework; sourceTree = SDKROOT; };
		295715A61DC88EE900AAEE1F /* libxml2.tbd */ = {isa = PBXFileReference; lastKnownFileType = "sourcecode.text-based-dylib-definition"; name = libxml2.tbd; path = usr/lib/libxml2.tbd; sourceTree = SDKROOT; };
		295715A81DC88EEF00AAEE1F /* CFNetwork.framework */ = {isa = PBXFileReference; lastKnownFileType = wrapper.framework; name = CFNetwork.framework; path = System/Library/Frameworks/CFNetwork.framework; sourceTree = SDKROOT; };
		295715AA1DC88EF600AAEE1F /* SystemConfiguration.framework */ = {isa = PBXFileReference; lastKnownFileType = wrapper.framework; name = SystemConfiguration.framework; path = System/Library/Frameworks/SystemConfiguration.framework; sourceTree = SDKROOT; };
		295715AC1DC88EFC00AAEE1F /* CoreData.framework */ = {isa = PBXFileReference; lastKnownFileType = wrapper.framework; name = CoreData.framework; path = System/Library/Frameworks/CoreData.framework; sourceTree = SDKROOT; };
		295715AE1DC88F0300AAEE1F /* libresolv.tbd */ = {isa = PBXFileReference; lastKnownFileType = "sourcecode.text-based-dylib-definition"; name = libresolv.tbd; path = usr/lib/libresolv.tbd; sourceTree = SDKROOT; };
		295715B41DC88FB900AAEE1F /* VCBase.h */ = {isa = PBXFileReference; fileEncoding = 4; lastKnownFileType = sourcecode.c.h; path = VCBase.h; sourceTree = "<group>"; };
		295715B51DC88FB900AAEE1F /* VCBase.m */ = {isa = PBXFileReference; fileEncoding = 4; lastKnownFileType = sourcecode.c.objc; path = VCBase.m; sourceTree = "<group>"; };
		295715B71DC88FED00AAEE1F /* VCMain.h */ = {isa = PBXFileReference; fileEncoding = 4; lastKnownFileType = sourcecode.c.h; path = VCMain.h; sourceTree = "<group>"; };
		295715B81DC88FED00AAEE1F /* VCMain.m */ = {isa = PBXFileReference; fileEncoding = 4; lastKnownFileType = sourcecode.c.objc; path = VCMain.m; sourceTree = "<group>"; };
		295715B91DC88FED00AAEE1F /* VCNavBase.h */ = {isa = PBXFileReference; fileEncoding = 4; lastKnownFileType = sourcecode.c.h; path = VCNavBase.h; sourceTree = "<group>"; };
		295715BA1DC88FED00AAEE1F /* VCNavBase.m */ = {isa = PBXFileReference; fileEncoding = 4; lastKnownFileType = sourcecode.c.objc; path = VCNavBase.m; sourceTree = "<group>"; };
		295715BD1DC8900500AAEE1F /* AtChat.pch */ = {isa = PBXFileReference; lastKnownFileType = sourcecode.c.h; path = AtChat.pch; sourceTree = "<group>"; };
		295715C11DC8906100AAEE1F /* NetContants.h */ = {isa = PBXFileReference; lastKnownFileType = sourcecode.c.h; path = NetContants.h; sourceTree = "<group>"; };
		295715C21DC890B300AAEE1F /* VCFriends.h */ = {isa = PBXFileReference; fileEncoding = 4; lastKnownFileType = sourcecode.c.h; path = VCFriends.h; sourceTree = "<group>"; };
		295715C31DC890B300AAEE1F /* VCFriends.m */ = {isa = PBXFileReference; fileEncoding = 4; lastKnownFileType = sourcecode.c.objc; path = VCFriends.m; sourceTree = "<group>"; };
		295715C51DC890C000AAEE1F /* VCMessages.h */ = {isa = PBXFileReference; fileEncoding = 4; lastKnownFileType = sourcecode.c.h; path = VCMessages.h; sourceTree = "<group>"; };
		295715C61DC890C000AAEE1F /* VCMessages.m */ = {isa = PBXFileReference; fileEncoding = 4; lastKnownFileType = sourcecode.c.objc; path = VCMessages.m; sourceTree = "<group>"; };
		295715C81DC890C900AAEE1F /* VCMine.h */ = {isa = PBXFileReference; fileEncoding = 4; lastKnownFileType = sourcecode.c.h; path = VCMine.h; sourceTree = "<group>"; };
		295715C91DC890C900AAEE1F /* VCMine.m */ = {isa = PBXFileReference; fileEncoding = 4; lastKnownFileType = sourcecode.c.objc; path = VCMine.m; sourceTree = "<group>"; };
		295715CE1DC8923800AAEE1F /* VCLogin.h */ = {isa = PBXFileReference; fileEncoding = 4; lastKnownFileType = sourcecode.c.h; path = VCLogin.h; sourceTree = "<group>"; };
		295715CF1DC8923800AAEE1F /* VCLogin.m */ = {isa = PBXFileReference; fileEncoding = 4; lastKnownFileType = sourcecode.c.objc; path = VCLogin.m; sourceTree = "<group>"; };
		295715D11DC8962000AAEE1F /* MJChiBaoZiHeader.h */ = {isa = PBXFileReference; fileEncoding = 4; lastKnownFileType = sourcecode.c.h; path = MJChiBaoZiHeader.h; sourceTree = "<group>"; };
		295715D21DC8962000AAEE1F /* MJChiBaoZiHeader.m */ = {isa = PBXFileReference; fileEncoding = 4; lastKnownFileType = sourcecode.c.objc; path = MJChiBaoZiHeader.m; sourceTree = "<group>"; };
		295715D51DC8965000AAEE1F /* UIImageView+SDWebImage.h */ = {isa = PBXFileReference; fileEncoding = 4; lastKnownFileType = sourcecode.c.h; path = "UIImageView+SDWebImage.h"; sourceTree = "<group>"; };
		295715D61DC8965000AAEE1F /* UIImageView+SDWebImage.m */ = {isa = PBXFileReference; fileEncoding = 4; lastKnownFileType = sourcecode.c.objc; path = "UIImageView+SDWebImage.m"; sourceTree = "<group>"; };
		295715D81DC89A2D00AAEE1F /* VCRegister.h */ = {isa = PBXFileReference; fileEncoding = 4; lastKnownFileType = sourcecode.c.h; path = VCRegister.h; sourceTree = "<group>"; };
		295715D91DC89A2D00AAEE1F /* VCRegister.m */ = {isa = PBXFileReference; fileEncoding = 4; lastKnownFileType = sourcecode.c.objc; path = VCRegister.m; sourceTree = "<group>"; };
		295715DB1DC89ACC00AAEE1F /* XMPPConfig.h */ = {isa = PBXFileReference; fileEncoding = 4; lastKnownFileType = sourcecode.c.h; path = XMPPConfig.h; sourceTree = "<group>"; };
		295715DC1DC89ACC00AAEE1F /* XmppTools.h */ = {isa = PBXFileReference; fileEncoding = 4; lastKnownFileType = sourcecode.c.h; path = XmppTools.h; sourceTree = "<group>"; };
		295715DD1DC89ACC00AAEE1F /* XmppTools.m */ = {isa = PBXFileReference; fileEncoding = 4; lastKnownFileType = sourcecode.c.objc; path = XmppTools.m; sourceTree = "<group>"; };
		295715E11DC988A600AAEE1F /* MOBFoundation.framework */ = {isa = PBXFileReference; lastKnownFileType = wrapper.framework; path = MOBFoundation.framework; sourceTree = "<group>"; };
		295715E21DC988A600AAEE1F /* MOBFoundationEx.framework */ = {isa = PBXFileReference; lastKnownFileType = wrapper.framework; path = MOBFoundationEx.framework; sourceTree = "<group>"; };
		295715E31DC988A600AAEE1F /* SMS_SDK.framework */ = {isa = PBXFileReference; lastKnownFileType = wrapper.framework; path = SMS_SDK.framework; sourceTree = "<group>"; };
		295715E71DC9896200AAEE1F /* libz.tbd */ = {isa = PBXFileReference; lastKnownFileType = "sourcecode.text-based-dylib-definition"; name = libz.tbd; path = usr/lib/libz.tbd; sourceTree = SDKROOT; };
		295715E91DC9899E00AAEE1F /* libicucore.tbd */ = {isa = PBXFileReference; lastKnownFileType = "sourcecode.text-based-dylib-definition"; name = libicucore.tbd; path = usr/lib/libicucore.tbd; sourceTree = SDKROOT; };
		295715EB1DC989A600AAEE1F /* MessageUI.framework */ = {isa = PBXFileReference; lastKnownFileType = wrapper.framework; name = MessageUI.framework; path = System/Library/Frameworks/MessageUI.framework; sourceTree = SDKROOT; };
		295715ED1DC989AD00AAEE1F /* JavaScriptCore.framework */ = {isa = PBXFileReference; lastKnownFileType = wrapper.framework; name = JavaScriptCore.framework; path = System/Library/Frameworks/JavaScriptCore.framework; sourceTree = SDKROOT; };
		295715EF1DC989BC00AAEE1F /* libstdc++.tbd */ = {isa = PBXFileReference; lastKnownFileType = "sourcecode.text-based-dylib-definition"; name = "libstdc++.tbd"; path = "usr/lib/libstdc++.tbd"; sourceTree = SDKROOT; };
		295715F11DC9952600AAEE1F /* VCRegFinish.h */ = {isa = PBXFileReference; fileEncoding = 4; lastKnownFileType = sourcecode.c.h; path = VCRegFinish.h; sourceTree = "<group>"; };
		295715F21DC9952600AAEE1F /* VCRegFinish.m */ = {isa = PBXFileReference; fileEncoding = 4; lastKnownFileType = sourcecode.c.objc; path = VCRegFinish.m; sourceTree = "<group>"; };
		295715F41DC99EDF00AAEE1F /* VCMsgesCell.h */ = {isa = PBXFileReference; fileEncoding = 4; lastKnownFileType = sourcecode.c.h; path = VCMsgesCell.h; sourceTree = "<group>"; };
		295715F51DC99EDF00AAEE1F /* VCMsgesCell.m */ = {isa = PBXFileReference; fileEncoding = 4; lastKnownFileType = sourcecode.c.objc; path = VCMsgesCell.m; sourceTree = "<group>"; };
		295715F71DC9B25700AAEE1F /* VCFriendsCell.h */ = {isa = PBXFileReference; fileEncoding = 4; lastKnownFileType = sourcecode.c.h; path = VCFriendsCell.h; sourceTree = "<group>"; };
		295715F81DC9B25700AAEE1F /* VCFriendsCell.m */ = {isa = PBXFileReference; fileEncoding = 4; lastKnownFileType = sourcecode.c.objc; path = VCFriendsCell.m; sourceTree = "<group>"; };
		295715FD1DC9D57400AAEE1F /* Notify.h */ = {isa = PBXFileReference; lastKnownFileType = sourcecode.c.h; path = Notify.h; sourceTree = "<group>"; };
		295716021DC9D80C00AAEE1F /* VCChat.h */ = {isa = PBXFileReference; fileEncoding = 4; lastKnownFileType = sourcecode.c.h; path = VCChat.h; sourceTree = "<group>"; };
		295716031DC9D80C00AAEE1F /* VCChat.m */ = {isa = PBXFileReference; fileEncoding = 4; lastKnownFileType = sourcecode.c.objc; path = VCChat.m; sourceTree = "<group>"; };
		295716051DC9E1D300AAEE1F /* VCChatCell.h */ = {isa = PBXFileReference; fileEncoding = 4; lastKnownFileType = sourcecode.c.h; path = VCChatCell.h; sourceTree = "<group>"; };
		295716061DC9E1D300AAEE1F /* VCChatCell.m */ = {isa = PBXFileReference; fileEncoding = 4; lastKnownFileType = sourcecode.c.objc; path = VCChatCell.m; sourceTree = "<group>"; };
		295716081DC9E22100AAEE1F /* ChatInputView.h */ = {isa = PBXFileReference; fileEncoding = 4; lastKnownFileType = sourcecode.c.h; path = ChatInputView.h; sourceTree = "<group>"; };
		295716091DC9E22100AAEE1F /* ChatInputView.m */ = {isa = PBXFileReference; fileEncoding = 4; lastKnownFileType = sourcecode.c.objc; path = ChatInputView.m; sourceTree = "<group>"; };
		2957160B1DC9E2CE00AAEE1F /* FaceView.h */ = {isa = PBXFileReference; fileEncoding = 4; lastKnownFileType = sourcecode.c.h; path = FaceView.h; sourceTree = "<group>"; };
		2957160C1DC9E2CE00AAEE1F /* FaceView.m */ = {isa = PBXFileReference; fileEncoding = 4; lastKnownFileType = sourcecode.c.objc; path = FaceView.m; sourceTree = "<group>"; };
		2957160E1DC9E9C400AAEE1F /* Message.h */ = {isa = PBXFileReference; fileEncoding = 4; lastKnownFileType = sourcecode.c.h; path = Message.h; sourceTree = "<group>"; };
		2957160F1DC9E9C400AAEE1F /* Message.m */ = {isa = PBXFileReference; fileEncoding = 4; lastKnownFileType = sourcecode.c.objc; path = Message.m; sourceTree = "<group>"; };
		295716141DCB273A00AAEE1F /* VCAddFriend.h */ = {isa = PBXFileReference; fileEncoding = 4; lastKnownFileType = sourcecode.c.h; path = VCAddFriend.h; sourceTree = "<group>"; };
		295716151DCB273A00AAEE1F /* VCAddFriend.m */ = {isa = PBXFileReference; fileEncoding = 4; lastKnownFileType = sourcecode.c.objc; path = VCAddFriend.m; sourceTree = "<group>"; };
		295716171DCB323D00AAEE1F /* DataStore.h */ = {isa = PBXFileReference; fileEncoding = 4; lastKnownFileType = sourcecode.c.h; path = DataStore.h; sourceTree = "<group>"; };
		295716181DCB323D00AAEE1F /* DataStore.m */ = {isa = PBXFileReference; fileEncoding = 4; lastKnownFileType = sourcecode.c.objc; path = DataStore.m; sourceTree = "<group>"; };
		2957161A1DCB42EE00AAEE1F /* Global.h */ = {isa = PBXFileReference; lastKnownFileType = sourcecode.c.h; path = Global.h; sourceTree = "<group>"; };
		2962120B1E6EB19A00BD5D89 /* VCPhoto.h */ = {isa = PBXFileReference; fileEncoding = 4; lastKnownFileType = sourcecode.c.h; path = VCPhoto.h; sourceTree = "<group>"; };
		2962120C1E6EB19A00BD5D89 /* VCPhoto.m */ = {isa = PBXFileReference; fileEncoding = 4; lastKnownFileType = sourcecode.c.objc; path = VCPhoto.m; sourceTree = "<group>"; };
		296212111E6FA71F00BD5D89 /* Toast.h */ = {isa = PBXFileReference; fileEncoding = 4; lastKnownFileType = sourcecode.c.h; path = Toast.h; sourceTree = "<group>"; };
		296212121E6FA71F00BD5D89 /* Toast.m */ = {isa = PBXFileReference; fileEncoding = 4; lastKnownFileType = sourcecode.c.objc; path = Toast.m; sourceTree = "<group>"; };
		296212261E6FDAB200BD5D89 /* VCPublishTimeLine.h */ = {isa = PBXFileReference; fileEncoding = 4; lastKnownFileType = sourcecode.c.h; path = VCPublishTimeLine.h; sourceTree = "<group>"; };
		296212271E6FDAB200BD5D89 /* VCPublishTimeLine.m */ = {isa = PBXFileReference; fileEncoding = 4; lastKnownFileType = sourcecode.c.objc; path = VCPublishTimeLine.m; sourceTree = "<group>"; };
		296212291E6FE17400BD5D89 /* CollCellTimeLinePic.h */ = {isa = PBXFileReference; fileEncoding = 4; lastKnownFileType = sourcecode.c.h; path = CollCellTimeLinePic.h; sourceTree = "<group>"; };
		2962122A1E6FE17400BD5D89 /* CollCellTimeLinePic.m */ = {isa = PBXFileReference; fileEncoding = 4; lastKnownFileType = sourcecode.c.objc; path = CollCellTimeLinePic.m; sourceTree = "<group>"; };
		2962122C1E6FE21000BD5D89 /* CollCellTimeLineAdd.h */ = {isa = PBXFileReference; fileEncoding = 4; lastKnownFileType = sourcecode.c.h; path = CollCellTimeLineAdd.h; sourceTree = "<group>"; };
		2962122D1E6FE21000BD5D89 /* CollCellTimeLineAdd.m */ = {isa = PBXFileReference; fileEncoding = 4; lastKnownFileType = sourcecode.c.objc; path = CollCellTimeLineAdd.m; sourceTree = "<group>"; };
		2962122F1E6FEB9200BD5D89 /* Photo.h */ = {isa = PBXFileReference; fileEncoding = 4; lastKnownFileType = sourcecode.c.h; path = Photo.h; sourceTree = "<group>"; };
		296212301E6FEB9200BD5D89 /* Photo.m */ = {isa = PBXFileReference; fileEncoding = 4; lastKnownFileType = sourcecode.c.objc; path = Photo.m; sourceTree = "<group>"; };
		296212551E714F4900BD5D89 /* NetTool.h */ = {isa = PBXFileReference; fileEncoding = 4; lastKnownFileType = sourcecode.c.h; path = NetTool.h; sourceTree = "<group>"; };
		296212561E714F4900BD5D89 /* NetTool.m */ = {isa = PBXFileReference; fileEncoding = 4; lastKnownFileType = sourcecode.c.objc; path = NetTool.m; sourceTree = "<group>"; };
		296212581E71501000BD5D89 /* ApiObject.h */ = {isa = PBXFileReference; fileEncoding = 4; lastKnownFileType = sourcecode.c.h; path = ApiObject.h; sourceTree = "<group>"; };
		296212591E71501000BD5D89 /* ApiObject.m */ = {isa = PBXFileReference; fileEncoding = 4; lastKnownFileType = sourcecode.c.objc; path = ApiObject.m; sourceTree = "<group>"; };
		2962125B1E7152F500BD5D89 /* NetRequestTool.h */ = {isa = PBXFileReference; fileEncoding = 4; lastKnownFileType = sourcecode.c.h; path = NetRequestTool.h; sourceTree = "<group>"; };
		2962125C1E7152F500BD5D89 /* NetRequestTool.m */ = {isa = PBXFileReference; fileEncoding = 4; lastKnownFileType = sourcecode.c.objc; path = NetRequestTool.m; sourceTree = "<group>"; };
		2962125E1E71564100BD5D89 /* DataStoreManager.h */ = {isa = PBXFileReference; fileEncoding = 4; lastKnownFileType = sourcecode.c.h; path = DataStoreManager.h; sourceTree = "<group>"; };
		2962125F1E71564100BD5D89 /* DataStoreManager.m */ = {isa = PBXFileReference; fileEncoding = 4; lastKnownFileType = sourcecode.c.objc; path = DataStoreManager.m; sourceTree = "<group>"; };
		296212611E715C4400BD5D89 /* TimeLineTest.h */ = {isa = PBXFileReference; fileEncoding = 4; lastKnownFileType = sourcecode.c.h; path = TimeLineTest.h; sourceTree = "<group>"; };
		296212621E715C4400BD5D89 /* TimeLineTest.m */ = {isa = PBXFileReference; fileEncoding = 4; lastKnownFileType = sourcecode.c.objc; path = TimeLineTest.m; sourceTree = "<group>"; };
		296212641E72933000BD5D89 /* ActionSheet.h */ = {isa = PBXFileReference; fileEncoding = 4; lastKnownFileType = sourcecode.c.h; path = ActionSheet.h; sourceTree = "<group>"; };
		296212651E72933000BD5D89 /* ActionSheet.m */ = {isa = PBXFileReference; fileEncoding = 4; lastKnownFileType = sourcecode.c.objc; path = ActionSheet.m; sourceTree = "<group>"; };
		296212671E72A18100BD5D89 /* AtChat.entitlements */ = {isa = PBXFileReference; lastKnownFileType = text.plist.entitlements; path = AtChat.entitlements; sourceTree = "<group>"; };
		29CC2F611DCC2CC400120A23 /* CellMeAction.h */ = {isa = PBXFileReference; fileEncoding = 4; lastKnownFileType = sourcecode.c.h; path = CellMeAction.h; sourceTree = "<group>"; };
		29CC2F621DCC2CC400120A23 /* CellMeAction.m */ = {isa = PBXFileReference; fileEncoding = 4; lastKnownFileType = sourcecode.c.objc; path = CellMeAction.m; sourceTree = "<group>"; };
		29CC2F631DCC2CC400120A23 /* CellSetting.h */ = {isa = PBXFileReference; fileEncoding = 4; lastKnownFileType = sourcecode.c.h; path = CellSetting.h; sourceTree = "<group>"; };
		29CC2F641DCC2CC400120A23 /* CellSetting.m */ = {isa = PBXFileReference; fileEncoding = 4; lastKnownFileType = sourcecode.c.objc; path = CellSetting.m; sourceTree = "<group>"; };
		29CC2F671DCC2CD400120A23 /* VCSetting.h */ = {isa = PBXFileReference; fileEncoding = 4; lastKnownFileType = sourcecode.c.h; path = VCSetting.h; sourceTree = "<group>"; };
		29CC2F681DCC2CD400120A23 /* VCSetting.m */ = {isa = PBXFileReference; fileEncoding = 4; lastKnownFileType = sourcecode.c.objc; path = VCSetting.m; sourceTree = "<group>"; };
		29CC2F691DCC2CD400120A23 /* VCQr.h */ = {isa = PBXFileReference; fileEncoding = 4; lastKnownFileType = sourcecode.c.h; path = VCQr.h; sourceTree = "<group>"; };
		29CC2F6A1DCC2CD400120A23 /* VCQr.m */ = {isa = PBXFileReference; fileEncoding = 4; lastKnownFileType = sourcecode.c.objc; path = VCQr.m; sourceTree = "<group>"; };
		29CC2F6E1DCC2D1700120A23 /* HMScanerCardViewController.h */ = {isa = PBXFileReference; fileEncoding = 4; lastKnownFileType = sourcecode.c.h; path = HMScanerCardViewController.h; sourceTree = "<group>"; };
		29CC2F6F1DCC2D1700120A23 /* HMScanerCardViewController.m */ = {isa = PBXFileReference; fileEncoding = 4; lastKnownFileType = sourcecode.c.objc; path = HMScanerCardViewController.m; sourceTree = "<group>"; };
		29CC2F701DCC2D1700120A23 /* HMScanner.bundle */ = {isa = PBXFileReference; lastKnownFileType = "wrapper.plug-in"; path = HMScanner.bundle; sourceTree = "<group>"; };
		29CC2F711DCC2D1700120A23 /* HMScanner.h */ = {isa = PBXFileReference; fileEncoding = 4; lastKnownFileType = sourcecode.c.h; path = HMScanner.h; sourceTree = "<group>"; };
		29CC2F721DCC2D1700120A23 /* HMScanner.m */ = {isa = PBXFileReference; fileEncoding = 4; lastKnownFileType = sourcecode.c.objc; path = HMScanner.m; sourceTree = "<group>"; };
		29CC2F731DCC2D1700120A23 /* HMScannerBorder.h */ = {isa = PBXFileReference; fileEncoding = 4; lastKnownFileType = sourcecode.c.h; path = HMScannerBorder.h; sourceTree = "<group>"; };
		29CC2F741DCC2D1700120A23 /* HMScannerBorder.m */ = {isa = PBXFileReference; fileEncoding = 4; lastKnownFileType = sourcecode.c.objc; path = HMScannerBorder.m; sourceTree = "<group>"; };
		29CC2F751DCC2D1700120A23 /* HMScannerController.h */ = {isa = PBXFileReference; fileEncoding = 4; lastKnownFileType = sourcecode.c.h; path = HMScannerController.h; sourceTree = "<group>"; };
		29CC2F761DCC2D1700120A23 /* HMScannerController.m */ = {isa = PBXFileReference; fileEncoding = 4; lastKnownFileType = sourcecode.c.objc; path = HMScannerController.m; sourceTree = "<group>"; };
		29CC2F771DCC2D1700120A23 /* HMScannerMaskView.h */ = {isa = PBXFileReference; fileEncoding = 4; lastKnownFileType = sourcecode.c.h; path = HMScannerMaskView.h; sourceTree = "<group>"; };
		29CC2F781DCC2D1700120A23 /* HMScannerMaskView.m */ = {isa = PBXFileReference; fileEncoding = 4; lastKnownFileType = sourcecode.c.objc; path = HMScannerMaskView.m; sourceTree = "<group>"; };
		29CC2F791DCC2D1700120A23 /* HMScannerViewController.h */ = {isa = PBXFileReference; fileEncoding = 4; lastKnownFileType = sourcecode.c.h; path = HMScannerViewController.h; sourceTree = "<group>"; };
		29CC2F7A1DCC2D1700120A23 /* HMScannerViewController.m */ = {isa = PBXFileReference; fileEncoding = 4; lastKnownFileType = sourcecode.c.objc; path = HMScannerViewController.m; sourceTree = "<group>"; };
		29CC2F821DCC2DEC00120A23 /* CellUserImg.h */ = {isa = PBXFileReference; fileEncoding = 4; lastKnownFileType = sourcecode.c.h; path = CellUserImg.h; sourceTree = "<group>"; };
		29CC2F831DCC2DEC00120A23 /* CellUserImg.m */ = {isa = PBXFileReference; fileEncoding = 4; lastKnownFileType = sourcecode.c.objc; path = CellUserImg.m; sourceTree = "<group>"; };
		29CC2F8C1DCC666C00120A23 /* VCDiscover.h */ = {isa = PBXFileReference; fileEncoding = 4; lastKnownFileType = sourcecode.c.h; path = VCDiscover.h; sourceTree = "<group>"; };
		29CC2F8D1DCC666C00120A23 /* VCDiscover.m */ = {isa = PBXFileReference; fileEncoding = 4; lastKnownFileType = sourcecode.c.objc; path = VCDiscover.m; sourceTree = "<group>"; };
		29CC2F8F1DCC667800120A23 /* VCTimeline.h */ = {isa = PBXFileReference; fileEncoding = 4; lastKnownFileType = sourcecode.c.h; path = VCTimeline.h; sourceTree = "<group>"; };
		29CC2F901DCC667800120A23 /* VCTimeline.m */ = {isa = PBXFileReference; fileEncoding = 4; lastKnownFileType = sourcecode.c.objc; path = VCTimeline.m; sourceTree = "<group>"; };
		29CC2F921DCC66B700120A23 /* CellTimeLine.h */ = {isa = PBXFileReference; fileEncoding = 4; lastKnownFileType = sourcecode.c.h; path = CellTimeLine.h; sourceTree = "<group>"; };
		29CC2F931DCC66B700120A23 /* CellTimeLine.m */ = {isa = PBXFileReference; fileEncoding = 4; lastKnownFileType = sourcecode.c.objc; path = CellTimeLine.m; sourceTree = "<group>"; };
		29CC2F941DCC66B700120A23 /* TimeLineHeader.h */ = {isa = PBXFileReference; fileEncoding = 4; lastKnownFileType = sourcecode.c.h; path = TimeLineHeader.h; sourceTree = "<group>"; };
		29CC2F951DCC66B700120A23 /* TimeLineHeader.m */ = {isa = PBXFileReference; fileEncoding = 4; lastKnownFileType = sourcecode.c.objc; path = TimeLineHeader.m; sourceTree = "<group>"; };
		29CC2F961DCC66B700120A23 /* TimeLineMenu.h */ = {isa = PBXFileReference; fileEncoding = 4; lastKnownFileType = sourcecode.c.h; path = TimeLineMenu.h; sourceTree = "<group>"; };
		29CC2F971DCC66B700120A23 /* TimeLineMenu.m */ = {isa = PBXFileReference; fileEncoding = 4; lastKnownFileType = sourcecode.c.objc; path = TimeLineMenu.m; sourceTree = "<group>"; };
		29CC2F981DCC66B700120A23 /* CellDiscover.h */ = {isa = PBXFileReference; fileEncoding = 4; lastKnownFileType = sourcecode.c.h; path = CellDiscover.h; sourceTree = "<group>"; };
		29CC2F991DCC66B700120A23 /* CellDiscover.m */ = {isa = PBXFileReference; fileEncoding = 4; lastKnownFileType = sourcecode.c.objc; path = CellDiscover.m; sourceTree = "<group>"; };
		29CC2F9E1DCC66C100120A23 /* TimeLine.h */ = {isa = PBXFileReference; fileEncoding = 4; lastKnownFileType = sourcecode.c.h; path = TimeLine.h; sourceTree = "<group>"; };
		29CC2F9F1DCC66C100120A23 /* TimeLine.m */ = {isa = PBXFileReference; fileEncoding = 4; lastKnownFileType = sourcecode.c.objc; path = TimeLine.m; sourceTree = "<group>"; };
		29CC2FA21DCC69FB00120A23 /* MBProgressHUD+Add.h */ = {isa = PBXFileReference; fileEncoding = 4; lastKnownFileType = sourcecode.c.h; path = "MBProgressHUD+Add.h"; sourceTree = "<group>"; };
		29CC2FA31DCC69FB00120A23 /* MBProgressHUD+Add.m */ = {isa = PBXFileReference; fileEncoding = 4; lastKnownFileType = sourcecode.c.objc; path = "MBProgressHUD+Add.m"; sourceTree = "<group>"; };
		29CC2FA41DCC69FB00120A23 /* MJPhoto.h */ = {isa = PBXFileReference; fileEncoding = 4; lastKnownFileType = sourcecode.c.h; path = MJPhoto.h; sourceTree = "<group>"; };
		29CC2FA51DCC69FB00120A23 /* MJPhoto.m */ = {isa = PBXFileReference; fileEncoding = 4; lastKnownFileType = sourcecode.c.objc; path = MJPhoto.m; sourceTree = "<group>"; };
		29CC2FA61DCC69FB00120A23 /* MJPhotoBrowser.h */ = {isa = PBXFileReference; fileEncoding = 4; lastKnownFileType = sourcecode.c.h; path = MJPhotoBrowser.h; sourceTree = "<group>"; };
		29CC2FA71DCC69FB00120A23 /* MJPhotoBrowser.m */ = {isa = PBXFileReference; fileEncoding = 4; lastKnownFileType = sourcecode.c.objc; path = MJPhotoBrowser.m; sourceTree = "<group>"; };
		29CC2FA81DCC69FB00120A23 /* MJPhotoLoadingView.h */ = {isa = PBXFileReference; fileEncoding = 4; lastKnownFileType = sourcecode.c.h; path = MJPhotoLoadingView.h; sourceTree = "<group>"; };
		29CC2FA91DCC69FB00120A23 /* MJPhotoLoadingView.m */ = {isa = PBXFileReference; fileEncoding = 4; lastKnownFileType = sourcecode.c.objc; path = MJPhotoLoadingView.m; sourceTree = "<group>"; };
		29CC2FAA1DCC69FB00120A23 /* MJPhotoProgressView.h */ = {isa = PBXFileReference; fileEncoding = 4; lastKnownFileType = sourcecode.c.h; path = MJPhotoProgressView.h; sourceTree = "<group>"; };
		29CC2FAB1DCC69FB00120A23 /* MJPhotoProgressView.m */ = {isa = PBXFileReference; fileEncoding = 4; lastKnownFileType = sourcecode.c.objc; path = MJPhotoProgressView.m; sourceTree = "<group>"; };
		29CC2FAC1DCC69FB00120A23 /* MJPhotoToolbar.h */ = {isa = PBXFileReference; fileEncoding = 4; lastKnownFileType = sourcecode.c.h; path = MJPhotoToolbar.h; sourceTree = "<group>"; };
		29CC2FAD1DCC69FB00120A23 /* MJPhotoToolbar.m */ = {isa = PBXFileReference; fileEncoding = 4; lastKnownFileType = sourcecode.c.objc; path = MJPhotoToolbar.m; sourceTree = "<group>"; };
		29CC2FAE1DCC69FB00120A23 /* MJPhotoView.h */ = {isa = PBXFileReference; fileEncoding = 4; lastKnownFileType = sourcecode.c.h; path = MJPhotoView.h; sourceTree = "<group>"; };
		29CC2FAF1DCC69FB00120A23 /* MJPhotoView.m */ = {isa = PBXFileReference; fileEncoding = 4; lastKnownFileType = sourcecode.c.objc; path = MJPhotoView.m; sourceTree = "<group>"; };
		29CC2FB01DCC69FB00120A23 /* SDWebImageManager+MJ.h */ = {isa = PBXFileReference; fileEncoding = 4; lastKnownFileType = sourcecode.c.h; path = "SDWebImageManager+MJ.h"; sourceTree = "<group>"; };
		29CC2FB11DCC69FB00120A23 /* SDWebImageManager+MJ.m */ = {isa = PBXFileReference; fileEncoding = 4; lastKnownFileType = sourcecode.c.objc; path = "SDWebImageManager+MJ.m"; sourceTree = "<group>"; };
		36405CC3D0A59FE1DB6D5B60 /* Pods_AtChat.framework */ = {isa = PBXFileReference; explicitFileType = wrapper.framework; includeInIndex = 0; path = Pods_AtChat.framework; sourceTree = BUILT_PRODUCTS_DIR; };
		7A28A71D2196A408D2803971 /* Pods-AtChat.release.xcconfig */ = {isa = PBXFileReference; includeInIndex = 1; lastKnownFileType = text.xcconfig; name = "Pods-AtChat.release.xcconfig"; path = "Pods/Target Support Files/Pods-AtChat/Pods-AtChat.release.xcconfig"; sourceTree = "<group>"; };
/* End PBXFileReference section */

/* Begin PBXFrameworksBuildPhase section */
		2917B42E1DC886AF00B1C9E7 /* Frameworks */ = {
			isa = PBXFrameworksBuildPhase;
			buildActionMask = 2147483647;
			files = (
				295715F01DC989BC00AAEE1F /* libstdc++.tbd in Frameworks */,
				295715EE1DC989AD00AAEE1F /* JavaScriptCore.framework in Frameworks */,
				295715EC1DC989A600AAEE1F /* MessageUI.framework in Frameworks */,
				295715EA1DC9899E00AAEE1F /* libicucore.tbd in Frameworks */,
				295715E81DC9896200AAEE1F /* libz.tbd in Frameworks */,
				295715AF1DC88F0300AAEE1F /* libresolv.tbd in Frameworks */,
				295715AD1DC88EFC00AAEE1F /* CoreData.framework in Frameworks */,
				295715E41DC988A600AAEE1F /* MOBFoundation.framework in Frameworks */,
				295715AB1DC88EF600AAEE1F /* SystemConfiguration.framework in Frameworks */,
				295715A91DC88EEF00AAEE1F /* CFNetwork.framework in Frameworks */,
				295715A71DC88EE900AAEE1F /* libxml2.tbd in Frameworks */,
				295715A51DC88EE000AAEE1F /* CoreGraphics.framework in Frameworks */,
				295715A31DC88ED900AAEE1F /* CoreLocation.framework in Frameworks */,
				295715E51DC988A600AAEE1F /* MOBFoundationEx.framework in Frameworks */,
				295715E61DC988A600AAEE1F /* SMS_SDK.framework in Frameworks */,
				295715A11DC88ECF00AAEE1F /* Security.framework in Frameworks */,
				0E6FF53C0CCA75C2439C713B /* Pods_AtChat.framework in Frameworks */,
			);
			runOnlyForDeploymentPostprocessing = 0;
		};
/* End PBXFrameworksBuildPhase section */

/* Begin PBXGroup section */
		2917B4281DC886AC00B1C9E7 = {
			isa = PBXGroup;
			children = (
				2917B4331DC886AF00B1C9E7 /* AtChat */,
				2917B4321DC886AF00B1C9E7 /* Products */,
				D601C9B7944CCF2E80ECF41C /* Frameworks */,
				D16EA01BAEFB8030D8E3EE10 /* Pods */,
			);
			sourceTree = "<group>";
		};
		2917B4321DC886AF00B1C9E7 /* Products */ = {
			isa = PBXGroup;
			children = (
				2917B4311DC886AF00B1C9E7 /* AtChat.app */,
			);
			name = Products;
			sourceTree = "<group>";
		};
		2917B4331DC886AF00B1C9E7 /* AtChat */ = {
			isa = PBXGroup;
			children = (
				296212671E72A18100BD5D89 /* AtChat.entitlements */,
				295715871DC88C7200AAEE1F /* Class */,
				2917B4341DC886B000B1C9E7 /* Supporting Files */,
			);
			path = AtChat;
			sourceTree = "<group>";
		};
		2917B4341DC886B000B1C9E7 /* Supporting Files */ = {
			isa = PBXGroup;
			children = (
				2917B4401DC886B100B1C9E7 /* Assets.xcassets */,
				2917B4451DC886B100B1C9E7 /* Info.plist */,
				2917B4351DC886B000B1C9E7 /* main.m */,
				295715BD1DC8900500AAEE1F /* AtChat.pch */,
			);
			name = "Supporting Files";
			sourceTree = "<group>";
		};
		295715871DC88C7200AAEE1F /* Class */ = {
			isa = PBXGroup;
			children = (
				2957159F1DC88CB400AAEE1F /* Base */,
				295715B01DC88F7800AAEE1F /* System */,
				295715FE1DC9D7EE00AAEE1F /* Chat */,
				295715881DC88C7200AAEE1F /* Friends */,
				2957158D1DC88C7200AAEE1F /* Message */,
				29CC2F851DCC662600120A23 /* Discover */,
				295715911DC88C7200AAEE1F /* Mine */,
				295715951DC88C7200AAEE1F /* Other */,
				2957158C1DC88C7200AAEE1F /* Lib */,
				2957159A1DC88C7200AAEE1F /* Tools */,
			);
			path = Class;
			sourceTree = "<group>";
		};
		295715881DC88C7200AAEE1F /* Friends */ = {
			isa = PBXGroup;
			children = (
				2957158A1DC88C7200AAEE1F /* Model */,
				2957158B1DC88C7200AAEE1F /* View */,
				295715891DC88C7200AAEE1F /* Controller */,
			);
			path = Friends;
			sourceTree = "<group>";
		};
		295715891DC88C7200AAEE1F /* Controller */ = {
			isa = PBXGroup;
			children = (
				295715C21DC890B300AAEE1F /* VCFriends.h */,
				295715C31DC890B300AAEE1F /* VCFriends.m */,
				295716141DCB273A00AAEE1F /* VCAddFriend.h */,
				295716151DCB273A00AAEE1F /* VCAddFriend.m */,
			);
			path = Controller;
			sourceTree = "<group>";
		};
		2957158A1DC88C7200AAEE1F /* Model */ = {
			isa = PBXGroup;
			children = (
			);
			path = Model;
			sourceTree = "<group>";
		};
		2957158B1DC88C7200AAEE1F /* View */ = {
			isa = PBXGroup;
			children = (
				295715F71DC9B25700AAEE1F /* VCFriendsCell.h */,
				295715F81DC9B25700AAEE1F /* VCFriendsCell.m */,
			);
			path = View;
			sourceTree = "<group>";
		};
		2957158C1DC88C7200AAEE1F /* Lib */ = {
			isa = PBXGroup;
			children = (
				29CC2FA11DCC69FB00120A23 /* MJPhotoBrowser */,
				29CC2F6D1DCC2D1700120A23 /* QRCode */,
				295715E01DC988A600AAEE1F /* SMS_SDK */,
			);
			path = Lib;
			sourceTree = "<group>";
		};
		2957158D1DC88C7200AAEE1F /* Message */ = {
			isa = PBXGroup;
			children = (
				2957158F1DC88C7200AAEE1F /* Model */,
				295715901DC88C7200AAEE1F /* View */,
				2957158E1DC88C7200AAEE1F /* Controller */,
			);
			path = Message;
			sourceTree = "<group>";
		};
		2957158E1DC88C7200AAEE1F /* Controller */ = {
			isa = PBXGroup;
			children = (
				295715C51DC890C000AAEE1F /* VCMessages.h */,
				295715C61DC890C000AAEE1F /* VCMessages.m */,
			);
			path = Controller;
			sourceTree = "<group>";
		};
		2957158F1DC88C7200AAEE1F /* Model */ = {
			isa = PBXGroup;
			children = (
			);
			path = Model;
			sourceTree = "<group>";
		};
		295715901DC88C7200AAEE1F /* View */ = {
			isa = PBXGroup;
			children = (
				295715F41DC99EDF00AAEE1F /* VCMsgesCell.h */,
				295715F51DC99EDF00AAEE1F /* VCMsgesCell.m */,
			);
			path = View;
			sourceTree = "<group>";
		};
		295715911DC88C7200AAEE1F /* Mine */ = {
			isa = PBXGroup;
			children = (
				295715931DC88C7200AAEE1F /* Model */,
				295715941DC88C7200AAEE1F /* View */,
				295715921DC88C7200AAEE1F /* Controller */,
			);
			path = Mine;
			sourceTree = "<group>";
		};
		295715921DC88C7200AAEE1F /* Controller */ = {
			isa = PBXGroup;
			children = (
				295715C81DC890C900AAEE1F /* VCMine.h */,
				295715C91DC890C900AAEE1F /* VCMine.m */,
				29CC2F671DCC2CD400120A23 /* VCSetting.h */,
				29CC2F681DCC2CD400120A23 /* VCSetting.m */,
				29CC2F691DCC2CD400120A23 /* VCQr.h */,
				29CC2F6A1DCC2CD400120A23 /* VCQr.m */,
				2962120B1E6EB19A00BD5D89 /* VCPhoto.h */,
				2962120C1E6EB19A00BD5D89 /* VCPhoto.m */,
			);
			path = Controller;
			sourceTree = "<group>";
		};
		295715931DC88C7200AAEE1F /* Model */ = {
			isa = PBXGroup;
			children = (
			);
			path = Model;
			sourceTree = "<group>";
		};
		295715941DC88C7200AAEE1F /* View */ = {
			isa = PBXGroup;
			children = (
				29CC2F611DCC2CC400120A23 /* CellMeAction.h */,
				29CC2F621DCC2CC400120A23 /* CellMeAction.m */,
				29CC2F631DCC2CC400120A23 /* CellSetting.h */,
				29CC2F641DCC2CC400120A23 /* CellSetting.m */,
				29CC2F821DCC2DEC00120A23 /* CellUserImg.h */,
				29CC2F831DCC2DEC00120A23 /* CellUserImg.m */,
			);
			path = View;
			sourceTree = "<group>";
		};
		295715951DC88C7200AAEE1F /* Other */ = {
			isa = PBXGroup;
			children = (
				2917B4371DC886B000B1C9E7 /* AppDelegate.h */,
				2917B4381DC886B000B1C9E7 /* AppDelegate.m */,
				2917B43D1DC886B100B1C9E7 /* Main.storyboard */,
				2917B4421DC886B100B1C9E7 /* LaunchScreen.storyboard */,
				2917B43A1DC886B100B1C9E7 /* ViewController.h */,
				2917B43B1DC886B100B1C9E7 /* ViewController.m */,
			);
			path = Other;
			sourceTree = "<group>";
		};
		2957159A1DC88C7200AAEE1F /* Tools */ = {
			isa = PBXGroup;
			children = (
				295715D41DC8964400AAEE1F /* Category */,
				2957159B1DC88C7200AAEE1F /* Const */,
				2957159C1DC88C7200AAEE1F /* DataBase */,
				2957159D1DC88C7200AAEE1F /* Macros */,
				2957159E1DC88C7200AAEE1F /* Network */,
			);
			path = Tools;
			sourceTree = "<group>";
		};
		2957159B1DC88C7200AAEE1F /* Const */ = {
			isa = PBXGroup;
			children = (
				295715C11DC8906100AAEE1F /* NetContants.h */,
				295715FD1DC9D57400AAEE1F /* Notify.h */,
				2957161A1DCB42EE00AAEE1F /* Global.h */,
			);
			path = Const;
			sourceTree = "<group>";
		};
		2957159C1DC88C7200AAEE1F /* DataBase */ = {
			isa = PBXGroup;
			children = (
				295716171DCB323D00AAEE1F /* DataStore.h */,
				295716181DCB323D00AAEE1F /* DataStore.m */,
				2962125E1E71564100BD5D89 /* DataStoreManager.h */,
				2962125F1E71564100BD5D89 /* DataStoreManager.m */,
			);
			path = DataBase;
			sourceTree = "<group>";
		};
		2957159D1DC88C7200AAEE1F /* Macros */ = {
			isa = PBXGroup;
			children = (
			);
			path = Macros;
			sourceTree = "<group>";
		};
		2957159E1DC88C7200AAEE1F /* Network */ = {
			isa = PBXGroup;
			children = (
				295715DB1DC89ACC00AAEE1F /* XMPPConfig.h */,
				295715DC1DC89ACC00AAEE1F /* XmppTools.h */,
				295715DD1DC89ACC00AAEE1F /* XmppTools.m */,
				296212551E714F4900BD5D89 /* NetTool.h */,
				296212561E714F4900BD5D89 /* NetTool.m */,
				296212581E71501000BD5D89 /* ApiObject.h */,
				296212591E71501000BD5D89 /* ApiObject.m */,
				2962125B1E7152F500BD5D89 /* NetRequestTool.h */,
				2962125C1E7152F500BD5D89 /* NetRequestTool.m */,
			);
			path = Network;
			sourceTree = "<group>";
		};
		2957159F1DC88CB400AAEE1F /* Base */ = {
			isa = PBXGroup;
			children = (
				295715B41DC88FB900AAEE1F /* VCBase.h */,
				295715B51DC88FB900AAEE1F /* VCBase.m */,
				295715B71DC88FED00AAEE1F /* VCMain.h */,
				295715B81DC88FED00AAEE1F /* VCMain.m */,
				295715B91DC88FED00AAEE1F /* VCNavBase.h */,
				295715BA1DC88FED00AAEE1F /* VCNavBase.m */,
				295715D11DC8962000AAEE1F /* MJChiBaoZiHeader.h */,
				295715D21DC8962000AAEE1F /* MJChiBaoZiHeader.m */,
				296212641E72933000BD5D89 /* ActionSheet.h */,
				296212651E72933000BD5D89 /* ActionSheet.m */,
			);
			path = Base;
			sourceTree = "<group>";
		};
		295715B01DC88F7800AAEE1F /* System */ = {
			isa = PBXGroup;
			children = (
				295715B21DC88F7800AAEE1F /* Model */,
				295715B31DC88F7800AAEE1F /* View */,
				295715B11DC88F7800AAEE1F /* Controller */,
			);
			path = System;
			sourceTree = "<group>";
		};
		295715B11DC88F7800AAEE1F /* Controller */ = {
			isa = PBXGroup;
			children = (
				295715CE1DC8923800AAEE1F /* VCLogin.h */,
				295715CF1DC8923800AAEE1F /* VCLogin.m */,
				295715D81DC89A2D00AAEE1F /* VCRegister.h */,
				295715D91DC89A2D00AAEE1F /* VCRegister.m */,
				295715F11DC9952600AAEE1F /* VCRegFinish.h */,
				295715F21DC9952600AAEE1F /* VCRegFinish.m */,
			);
			path = Controller;
			sourceTree = "<group>";
		};
		295715B21DC88F7800AAEE1F /* Model */ = {
			isa = PBXGroup;
			children = (
			);
			path = Model;
			sourceTree = "<group>";
		};
		295715B31DC88F7800AAEE1F /* View */ = {
			isa = PBXGroup;
			children = (
			);
			path = View;
			sourceTree = "<group>";
		};
		295715D41DC8964400AAEE1F /* Category */ = {
			isa = PBXGroup;
			children = (
				295715D51DC8965000AAEE1F /* UIImageView+SDWebImage.h */,
				295715D61DC8965000AAEE1F /* UIImageView+SDWebImage.m */,
				296212111E6FA71F00BD5D89 /* Toast.h */,
				296212121E6FA71F00BD5D89 /* Toast.m */,
			);
			path = Category;
			sourceTree = "<group>";
		};
		295715E01DC988A600AAEE1F /* SMS_SDK */ = {
			isa = PBXGroup;
			children = (
				295715E11DC988A600AAEE1F /* MOBFoundation.framework */,
				295715E21DC988A600AAEE1F /* MOBFoundationEx.framework */,
				295715E31DC988A600AAEE1F /* SMS_SDK.framework */,
			);
			path = SMS_SDK;
			sourceTree = "<group>";
		};
		295715FE1DC9D7EE00AAEE1F /* Chat */ = {
			isa = PBXGroup;
			children = (
				295716001DC9D7EE00AAEE1F /* Model */,
				295716011DC9D7EE00AAEE1F /* View */,
				295715FF1DC9D7EE00AAEE1F /* Controller */,
			);
			path = Chat;
			sourceTree = "<group>";
		};
		295715FF1DC9D7EE00AAEE1F /* Controller */ = {
			isa = PBXGroup;
			children = (
				295716021DC9D80C00AAEE1F /* VCChat.h */,
				295716031DC9D80C00AAEE1F /* VCChat.m */,
			);
			path = Controller;
			sourceTree = "<group>";
		};
		295716001DC9D7EE00AAEE1F /* Model */ = {
			isa = PBXGroup;
			children = (
				2957160E1DC9E9C400AAEE1F /* Message.h */,
				2957160F1DC9E9C400AAEE1F /* Message.m */,
			);
			path = Model;
			sourceTree = "<group>";
		};
		295716011DC9D7EE00AAEE1F /* View */ = {
			isa = PBXGroup;
			children = (
				295716051DC9E1D300AAEE1F /* VCChatCell.h */,
				295716061DC9E1D300AAEE1F /* VCChatCell.m */,
				295716081DC9E22100AAEE1F /* ChatInputView.h */,
				295716091DC9E22100AAEE1F /* ChatInputView.m */,
				2957160B1DC9E2CE00AAEE1F /* FaceView.h */,
				2957160C1DC9E2CE00AAEE1F /* FaceView.m */,
			);
			path = View;
			sourceTree = "<group>";
		};
		29CC2F6D1DCC2D1700120A23 /* QRCode */ = {
			isa = PBXGroup;
			children = (
				29CC2F6E1DCC2D1700120A23 /* HMScanerCardViewController.h */,
				29CC2F6F1DCC2D1700120A23 /* HMScanerCardViewController.m */,
				29CC2F701DCC2D1700120A23 /* HMScanner.bundle */,
				29CC2F711DCC2D1700120A23 /* HMScanner.h */,
				29CC2F721DCC2D1700120A23 /* HMScanner.m */,
				29CC2F731DCC2D1700120A23 /* HMScannerBorder.h */,
				29CC2F741DCC2D1700120A23 /* HMScannerBorder.m */,
				29CC2F751DCC2D1700120A23 /* HMScannerController.h */,
				29CC2F761DCC2D1700120A23 /* HMScannerController.m */,
				29CC2F771DCC2D1700120A23 /* HMScannerMaskView.h */,
				29CC2F781DCC2D1700120A23 /* HMScannerMaskView.m */,
				29CC2F791DCC2D1700120A23 /* HMScannerViewController.h */,
				29CC2F7A1DCC2D1700120A23 /* HMScannerViewController.m */,
			);
			path = QRCode;
			sourceTree = "<group>";
		};
		29CC2F851DCC662600120A23 /* Discover */ = {
			isa = PBXGroup;
			children = (
				29CC2F891DCC662600120A23 /* Model */,
				29CC2F8A1DCC662600120A23 /* View */,
				29CC2F861DCC662600120A23 /* Controller */,
			);
			path = Discover;
			sourceTree = "<group>";
		};
		29CC2F861DCC662600120A23 /* Controller */ = {
			isa = PBXGroup;
			children = (
				29CC2F8C1DCC666C00120A23 /* VCDiscover.h */,
				29CC2F8D1DCC666C00120A23 /* VCDiscover.m */,
				29CC2F8F1DCC667800120A23 /* VCTimeline.h */,
				29CC2F901DCC667800120A23 /* VCTimeline.m */,
				296212261E6FDAB200BD5D89 /* VCPublishTimeLine.h */,
				296212271E6FDAB200BD5D89 /* VCPublishTimeLine.m */,
			);
			path = Controller;
			sourceTree = "<group>";
		};
		29CC2F891DCC662600120A23 /* Model */ = {
			isa = PBXGroup;
			children = (
				29CC2F9E1DCC66C100120A23 /* TimeLine.h */,
				29CC2F9F1DCC66C100120A23 /* TimeLine.m */,
				2962122F1E6FEB9200BD5D89 /* Photo.h */,
				296212301E6FEB9200BD5D89 /* Photo.m */,
				296212611E715C4400BD5D89 /* TimeLineTest.h */,
				296212621E715C4400BD5D89 /* TimeLineTest.m */,
			);
			path = Model;
			sourceTree = "<group>";
		};
		29CC2F8A1DCC662600120A23 /* View */ = {
			isa = PBXGroup;
			children = (
				29CC2F921DCC66B700120A23 /* CellTimeLine.h */,
				29CC2F931DCC66B700120A23 /* CellTimeLine.m */,
				29CC2F941DCC66B700120A23 /* TimeLineHeader.h */,
				29CC2F951DCC66B700120A23 /* TimeLineHeader.m */,
				29CC2F961DCC66B700120A23 /* TimeLineMenu.h */,
				29CC2F971DCC66B700120A23 /* TimeLineMenu.m */,
				29CC2F981DCC66B700120A23 /* CellDiscover.h */,
				29CC2F991DCC66B700120A23 /* CellDiscover.m */,
				296212291E6FE17400BD5D89 /* CollCellTimeLinePic.h */,
				2962122A1E6FE17400BD5D89 /* CollCellTimeLinePic.m */,
				2962122C1E6FE21000BD5D89 /* CollCellTimeLineAdd.h */,
				2962122D1E6FE21000BD5D89 /* CollCellTimeLineAdd.m */,
			);
			path = View;
			sourceTree = "<group>";
		};
		29CC2FA11DCC69FB00120A23 /* MJPhotoBrowser */ = {
			isa = PBXGroup;
			children = (
				29CC2FA21DCC69FB00120A23 /* MBProgressHUD+Add.h */,
				29CC2FA31DCC69FB00120A23 /* MBProgressHUD+Add.m */,
				29CC2FA41DCC69FB00120A23 /* MJPhoto.h */,
				29CC2FA51DCC69FB00120A23 /* MJPhoto.m */,
				29CC2FA61DCC69FB00120A23 /* MJPhotoBrowser.h */,
				29CC2FA71DCC69FB00120A23 /* MJPhotoBrowser.m */,
				29CC2FA81DCC69FB00120A23 /* MJPhotoLoadingView.h */,
				29CC2FA91DCC69FB00120A23 /* MJPhotoLoadingView.m */,
				29CC2FAA1DCC69FB00120A23 /* MJPhotoProgressView.h */,
				29CC2FAB1DCC69FB00120A23 /* MJPhotoProgressView.m */,
				29CC2FAC1DCC69FB00120A23 /* MJPhotoToolbar.h */,
				29CC2FAD1DCC69FB00120A23 /* MJPhotoToolbar.m */,
				29CC2FAE1DCC69FB00120A23 /* MJPhotoView.h */,
				29CC2FAF1DCC69FB00120A23 /* MJPhotoView.m */,
				29CC2FB01DCC69FB00120A23 /* SDWebImageManager+MJ.h */,
				29CC2FB11DCC69FB00120A23 /* SDWebImageManager+MJ.m */,
			);
			path = MJPhotoBrowser;
			sourceTree = "<group>";
		};
		D16EA01BAEFB8030D8E3EE10 /* Pods */ = {
			isa = PBXGroup;
			children = (
				08D227E9DCB2BD1A03FAABB9 /* Pods-AtChat.debug.xcconfig */,
				7A28A71D2196A408D2803971 /* Pods-AtChat.release.xcconfig */,
			);
			name = Pods;
			sourceTree = "<group>";
		};
		D601C9B7944CCF2E80ECF41C /* Frameworks */ = {
			isa = PBXGroup;
			children = (
				295715EF1DC989BC00AAEE1F /* libstdc++.tbd */,
				295715ED1DC989AD00AAEE1F /* JavaScriptCore.framework */,
				295715EB1DC989A600AAEE1F /* MessageUI.framework */,
				295715E91DC9899E00AAEE1F /* libicucore.tbd */,
				295715E71DC9896200AAEE1F /* libz.tbd */,
				295715AE1DC88F0300AAEE1F /* libresolv.tbd */,
				295715AC1DC88EFC00AAEE1F /* CoreData.framework */,
				295715AA1DC88EF600AAEE1F /* SystemConfiguration.framework */,
				295715A81DC88EEF00AAEE1F /* CFNetwork.framework */,
				295715A61DC88EE900AAEE1F /* libxml2.tbd */,
				295715A41DC88EE000AAEE1F /* CoreGraphics.framework */,
				295715A21DC88ED900AAEE1F /* CoreLocation.framework */,
				295715A01DC88ECF00AAEE1F /* Security.framework */,
				36405CC3D0A59FE1DB6D5B60 /* Pods_AtChat.framework */,
			);
			name = Frameworks;
			sourceTree = "<group>";
		};
/* End PBXGroup section */

/* Begin PBXNativeTarget section */
		2917B4301DC886AF00B1C9E7 /* AtChat */ = {
			isa = PBXNativeTarget;
			buildConfigurationList = 2917B4481DC886B100B1C9E7 /* Build configuration list for PBXNativeTarget "AtChat" */;
			buildPhases = (
				F2CBA1B5DCF24BF990A4D1EE /* [CP] Check Pods Manifest.lock */,
				2917B42D1DC886AF00B1C9E7 /* Sources */,
				2917B42E1DC886AF00B1C9E7 /* Frameworks */,
				2917B42F1DC886AF00B1C9E7 /* Resources */,
				9DD8B95E9EA1F0D16E027E45 /* [CP] Embed Pods Frameworks */,
				A34C562E82960EEBB099AEC7 /* [CP] Copy Pods Resources */,
			);
			buildRules = (
			);
			dependencies = (
			);
			name = AtChat;
			productName = AtChat;
			productReference = 2917B4311DC886AF00B1C9E7 /* AtChat.app */;
			productType = "com.apple.product-type.application";
		};
/* End PBXNativeTarget section */

/* Begin PBXProject section */
		2917B4291DC886AC00B1C9E7 /* Project object */ = {
			isa = PBXProject;
			attributes = {
				LastUpgradeCheck = 0800;
				ORGANIZATIONNAME = luowei;
				TargetAttributes = {
					2917B4301DC886AF00B1C9E7 = {
						CreatedOnToolsVersion = 8.0;
						DevelopmentTeam = A57W3P5J93;
						LastSwiftMigration = 0820;
						ProvisioningStyle = Automatic;
						SystemCapabilities = {
							com.apple.Push = {
								enabled = 0;
							};
						};
					};
				};
			};
			buildConfigurationList = 2917B42C1DC886AD00B1C9E7 /* Build configuration list for PBXProject "AtChat" */;
			compatibilityVersion = "Xcode 3.2";
			developmentRegion = English;
			hasScannedForEncodings = 0;
			knownRegions = (
				en,
				Base,
			);
			mainGroup = 2917B4281DC886AC00B1C9E7;
			productRefGroup = 2917B4321DC886AF00B1C9E7 /* Products */;
			projectDirPath = "";
			projectRoot = "";
			targets = (
				2917B4301DC886AF00B1C9E7 /* AtChat */,
			);
		};
/* End PBXProject section */

/* Begin PBXResourcesBuildPhase section */
		2917B42F1DC886AF00B1C9E7 /* Resources */ = {
			isa = PBXResourcesBuildPhase;
			buildActionMask = 2147483647;
			files = (
				2917B4441DC886B100B1C9E7 /* LaunchScreen.storyboard in Resources */,
				2917B4411DC886B100B1C9E7 /* Assets.xcassets in Resources */,
				2917B43F1DC886B100B1C9E7 /* Main.storyboard in Resources */,
				29CC2F7C1DCC2D1700120A23 /* HMScanner.bundle in Resources */,
			);
			runOnlyForDeploymentPostprocessing = 0;
		};
/* End PBXResourcesBuildPhase section */

/* Begin PBXShellScriptBuildPhase section */
		9DD8B95E9EA1F0D16E027E45 /* [CP] Embed Pods Frameworks */ = {
			isa = PBXShellScriptBuildPhase;
			buildActionMask = 2147483647;
			files = (
			);
			inputPaths = (
			);
			name = "[CP] Embed Pods Frameworks";
			outputPaths = (
			);
			runOnlyForDeploymentPostprocessing = 0;
			shellPath = /bin/sh;
			shellScript = "\"${SRCROOT}/Pods/Target Support Files/Pods-AtChat/Pods-AtChat-frameworks.sh\"\n";
			showEnvVarsInLog = 0;
		};
		A34C562E82960EEBB099AEC7 /* [CP] Copy Pods Resources */ = {
			isa = PBXShellScriptBuildPhase;
			buildActionMask = 2147483647;
			files = (
			);
			inputPaths = (
			);
			name = "[CP] Copy Pods Resources";
			outputPaths = (
			);
			runOnlyForDeploymentPostprocessing = 0;
			shellPath = /bin/sh;
			shellScript = "\"${SRCROOT}/Pods/Target Support Files/Pods-AtChat/Pods-AtChat-resources.sh\"\n";
			showEnvVarsInLog = 0;
		};
		F2CBA1B5DCF24BF990A4D1EE /* [CP] Check Pods Manifest.lock */ = {
			isa = PBXShellScriptBuildPhase;
			buildActionMask = 2147483647;
			files = (
			);
			inputPaths = (
			);
			name = "[CP] Check Pods Manifest.lock";
			outputPaths = (
			);
			runOnlyForDeploymentPostprocessing = 0;
			shellPath = /bin/sh;
			shellScript = "diff \"${PODS_ROOT}/../Podfile.lock\" \"${PODS_ROOT}/Manifest.lock\" > /dev/null\nif [ $? != 0 ] ; then\n    # print error to STDERR\n    echo \"error: The sandbox is not in sync with the Podfile.lock. Run 'pod install' or update your CocoaPods installation.\" >&2\n    exit 1\nfi\n";
			showEnvVarsInLog = 0;
		};
/* End PBXShellScriptBuildPhase section */

/* Begin PBXSourcesBuildPhase section */
		2917B42D1DC886AF00B1C9E7 /* Sources */ = {
			isa = PBXSourcesBuildPhase;
			buildActionMask = 2147483647;
			files = (
				29CC2F801DCC2D1700120A23 /* HMScannerMaskView.m in Sources */,
				295715F31DC9952600AAEE1F /* VCRegFinish.m in Sources */,
				295715F61DC99EDF00AAEE1F /* VCMsgesCell.m in Sources */,
				29CC2F8E1DCC666C00120A23 /* VCDiscover.m in Sources */,
				295715D01DC8923800AAEE1F /* VCLogin.m in Sources */,
				296212281E6FDAB200BD5D89 /* VCPublishTimeLine.m in Sources */,
				29CC2F9C1DCC66B700120A23 /* TimeLineMenu.m in Sources */,
				296212601E71564100BD5D89 /* DataStoreManager.m in Sources */,
				295715C71DC890C000AAEE1F /* VCMessages.m in Sources */,
				295716071DC9E1D300AAEE1F /* VCChatCell.m in Sources */,
				29CC2F9B1DCC66B700120A23 /* TimeLineHeader.m in Sources */,
				29CC2FB31DCC69FB00120A23 /* MJPhoto.m in Sources */,
				2962125D1E7152F500BD5D89 /* NetRequestTool.m in Sources */,
				29CC2F6B1DCC2CD400120A23 /* VCSetting.m in Sources */,
				29CC2FB81DCC69FB00120A23 /* MJPhotoView.m in Sources */,
				2917B43C1DC886B100B1C9E7 /* ViewController.m in Sources */,
				295716101DC9E9C400AAEE1F /* Message.m in Sources */,
				295715BB1DC88FED00AAEE1F /* VCMain.m in Sources */,
				29CC2F7E1DCC2D1700120A23 /* HMScannerBorder.m in Sources */,
				2962122B1E6FE17400BD5D89 /* CollCellTimeLinePic.m in Sources */,
				29CC2FB71DCC69FB00120A23 /* MJPhotoToolbar.m in Sources */,
				295715C41DC890B300AAEE1F /* VCFriends.m in Sources */,
				29CC2F7D1DCC2D1700120A23 /* HMScanner.m in Sources */,
				2962125A1E71501000BD5D89 /* ApiObject.m in Sources */,
				29CC2FA01DCC66C100120A23 /* TimeLine.m in Sources */,
				29CC2F651DCC2CC400120A23 /* CellMeAction.m in Sources */,
				29CC2FB51DCC69FB00120A23 /* MJPhotoLoadingView.m in Sources */,
				295715DA1DC89A2D00AAEE1F /* VCRegister.m in Sources */,
				2917B4391DC886B000B1C9E7 /* AppDelegate.m in Sources */,
				295716041DC9D80C00AAEE1F /* VCChat.m in Sources */,
				29CC2F9D1DCC66B700120A23 /* CellDiscover.m in Sources */,
				296212311E6FEB9200BD5D89 /* Photo.m in Sources */,
				2957160D1DC9E2CE00AAEE1F /* FaceView.m in Sources */,
				2917B4361DC886B000B1C9E7 /* main.m in Sources */,
				29CC2F6C1DCC2CD400120A23 /* VCQr.m in Sources */,
				29CC2F841DCC2DEC00120A23 /* CellUserImg.m in Sources */,
				2962120D1E6EB19A00BD5D89 /* VCPhoto.m in Sources */,
				29CC2F661DCC2CC400120A23 /* CellSetting.m in Sources */,
				295716191DCB323D00AAEE1F /* DataStore.m in Sources */,
				296212131E6FA71F00BD5D89 /* Toast.m in Sources */,
				2962122E1E6FE21000BD5D89 /* CollCellTimeLineAdd.m in Sources */,
				29CC2FB91DCC69FB00120A23 /* SDWebImageManager+MJ.m in Sources */,
				295715DE1DC89ACC00AAEE1F /* XmppTools.m in Sources */,
				295715B61DC88FB900AAEE1F /* VCBase.m in Sources */,
				295715BC1DC88FED00AAEE1F /* VCNavBase.m in Sources */,
				29CC2F7F1DCC2D1700120A23 /* HMScannerController.m in Sources */,
				29CC2FB21DCC69FB00120A23 /* MBProgressHUD+Add.m in Sources */,
				29CC2F7B1DCC2D1700120A23 /* HMScanerCardViewController.m in Sources */,
				295716161DCB273A00AAEE1F /* VCAddFriend.m in Sources */,
				296212571E714F4900BD5D89 /* NetTool.m in Sources */,
				29CC2F9A1DCC66B700120A23 /* CellTimeLine.m in Sources */,
				295715D71DC8965000AAEE1F /* UIImageView+SDWebImage.m in Sources */,
				295715D31DC8962000AAEE1F /* MJChiBaoZiHeader.m in Sources */,
				295715F91DC9B25700AAEE1F /* VCFriendsCell.m in Sources */,
				29CC2FB61DCC69FB00120A23 /* MJPhotoProgressView.m in Sources */,
				296212661E72933000BD5D89 /* ActionSheet.m in Sources */,
				29CC2FB41DCC69FB00120A23 /* MJPhotoBrowser.m in Sources */,
				296212631E715C4400BD5D89 /* TimeLineTest.m in Sources */,
				29CC2F911DCC667800120A23 /* VCTimeline.m in Sources */,
				29CC2F811DCC2D1700120A23 /* HMScannerViewController.m in Sources */,
				295715CA1DC890C900AAEE1F /* VCMine.m in Sources */,
				2957160A1DC9E22100AAEE1F /* ChatInputView.m in Sources */,
			);
			runOnlyForDeploymentPostprocessing = 0;
		};
/* End PBXSourcesBuildPhase section */

/* Begin PBXVariantGroup section */
		2917B43D1DC886B100B1C9E7 /* Main.storyboard */ = {
			isa = PBXVariantGroup;
			children = (
				2917B43E1DC886B100B1C9E7 /* Base */,
			);
			name = Main.storyboard;
			path = ../..;
			sourceTree = "<group>";
		};
		2917B4421DC886B100B1C9E7 /* LaunchScreen.storyboard */ = {
			isa = PBXVariantGroup;
			children = (
				2917B4431DC886B100B1C9E7 /* Base */,
			);
			name = LaunchScreen.storyboard;
			path = ../..;
			sourceTree = "<group>";
		};
/* End PBXVariantGroup section */

/* Begin XCBuildConfiguration section */
		2917B4461DC886B100B1C9E7 /* Debug */ = {
			isa = XCBuildConfiguration;
			buildSettings = {
				ALWAYS_SEARCH_USER_PATHS = NO;
				CLANG_ANALYZER_NONNULL = YES;
				CLANG_CXX_LANGUAGE_STANDARD = "gnu++0x";
				CLANG_CXX_LIBRARY = "libc++";
				CLANG_ENABLE_MODULES = YES;
				CLANG_ENABLE_OBJC_ARC = YES;
				CLANG_WARN_BOOL_CONVERSION = YES;
				CLANG_WARN_CONSTANT_CONVERSION = YES;
				CLANG_WARN_DIRECT_OBJC_ISA_USAGE = YES_ERROR;
				CLANG_WARN_DOCUMENTATION_COMMENTS = YES;
				CLANG_WARN_EMPTY_BODY = YES;
				CLANG_WARN_ENUM_CONVERSION = YES;
				CLANG_WARN_INFINITE_RECURSION = YES;
				CLANG_WARN_INT_CONVERSION = YES;
				CLANG_WARN_OBJC_ROOT_CLASS = YES_ERROR;
				CLANG_WARN_SUSPICIOUS_MOVES = YES;
				CLANG_WARN_UNREACHABLE_CODE = YES;
				CLANG_WARN__DUPLICATE_METHOD_MATCH = YES;
				"CODE_SIGN_IDENTITY[sdk=iphoneos*]" = "iPhone Developer";
				COPY_PHASE_STRIP = NO;
				DEBUG_INFORMATION_FORMAT = dwarf;
				ENABLE_STRICT_OBJC_MSGSEND = YES;
				ENABLE_TESTABILITY = YES;
				GCC_C_LANGUAGE_STANDARD = gnu99;
				GCC_DYNAMIC_NO_PIC = NO;
				GCC_NO_COMMON_BLOCKS = YES;
				GCC_OPTIMIZATION_LEVEL = 0;
				GCC_PREPROCESSOR_DEFINITIONS = (
					"DEBUG=1",
					"$(inherited)",
				);
				GCC_WARN_64_TO_32_BIT_CONVERSION = YES;
				GCC_WARN_ABOUT_RETURN_TYPE = YES_ERROR;
				GCC_WARN_UNDECLARED_SELECTOR = YES;
				GCC_WARN_UNINITIALIZED_AUTOS = YES_AGGRESSIVE;
				GCC_WARN_UNUSED_FUNCTION = YES;
				GCC_WARN_UNUSED_VARIABLE = YES;
				IPHONEOS_DEPLOYMENT_TARGET = 10.0;
				MTL_ENABLE_DEBUG_INFO = YES;
				ONLY_ACTIVE_ARCH = YES;
				SDKROOT = iphoneos;
			};
			name = Debug;
		};
		2917B4471DC886B100B1C9E7 /* Release */ = {
			isa = XCBuildConfiguration;
			buildSettings = {
				ALWAYS_SEARCH_USER_PATHS = NO;
				CLANG_ANALYZER_NONNULL = YES;
				CLANG_CXX_LANGUAGE_STANDARD = "gnu++0x";
				CLANG_CXX_LIBRARY = "libc++";
				CLANG_ENABLE_MODULES = YES;
				CLANG_ENABLE_OBJC_ARC = YES;
				CLANG_WARN_BOOL_CONVERSION = YES;
				CLANG_WARN_CONSTANT_CONVERSION = YES;
				CLANG_WARN_DIRECT_OBJC_ISA_USAGE = YES_ERROR;
				CLANG_WARN_DOCUMENTATION_COMMENTS = YES;
				CLANG_WARN_EMPTY_BODY = YES;
				CLANG_WARN_ENUM_CONVERSION = YES;
				CLANG_WARN_INFINITE_RECURSION = YES;
				CLANG_WARN_INT_CONVERSION = YES;
				CLANG_WARN_OBJC_ROOT_CLASS = YES_ERROR;
				CLANG_WARN_SUSPICIOUS_MOVES = YES;
				CLANG_WARN_UNREACHABLE_CODE = YES;
				CLANG_WARN__DUPLICATE_METHOD_MATCH = YES;
				"CODE_SIGN_IDENTITY[sdk=iphoneos*]" = "iPhone Developer";
				COPY_PHASE_STRIP = NO;
				DEBUG_INFORMATION_FORMAT = "dwarf-with-dsym";
				ENABLE_NS_ASSERTIONS = NO;
				ENABLE_STRICT_OBJC_MSGSEND = YES;
				GCC_C_LANGUAGE_STANDARD = gnu99;
				GCC_NO_COMMON_BLOCKS = YES;
				GCC_WARN_64_TO_32_BIT_CONVERSION = YES;
				GCC_WARN_ABOUT_RETURN_TYPE = YES_ERROR;
				GCC_WARN_UNDECLARED_SELECTOR = YES;
				GCC_WARN_UNINITIALIZED_AUTOS = YES_AGGRESSIVE;
				GCC_WARN_UNUSED_FUNCTION = YES;
				GCC_WARN_UNUSED_VARIABLE = YES;
				IPHONEOS_DEPLOYMENT_TARGET = 10.0;
				MTL_ENABLE_DEBUG_INFO = NO;
				SDKROOT = iphoneos;
				VALIDATE_PRODUCT = YES;
			};
			name = Release;
		};
		2917B4491DC886B100B1C9E7 /* Debug */ = {
			isa = XCBuildConfiguration;
			baseConfigurationReference = 08D227E9DCB2BD1A03FAABB9 /* Pods-AtChat.debug.xcconfig */;
			buildSettings = {
				ASSETCATALOG_COMPILER_APPICON_NAME = AppIcon;
				ASSETCATALOG_COMPILER_LAUNCHIMAGE_NAME = LaunchImage;
				DEVELOPMENT_TEAM = A57W3P5J93;
				FRAMEWORK_SEARCH_PATHS = (
					"$(inherited)",
					"$(PROJECT_DIR)/AtChat/Class/Lib/SMS_SDK",
				);
				GCC_PREFIX_HEADER = AtChat/AtChat.pch;
				INFOPLIST_FILE = AtChat/Info.plist;
				IPHONEOS_DEPLOYMENT_TARGET = 8.0;
				LD_RUNPATH_SEARCH_PATHS = "$(inherited) @executable_path/Frameworks";
				PRODUCT_BUNDLE_IDENTIFIER = com.pentaq.AtChat;
				PRODUCT_NAME = "$(TARGET_NAME)";
				SWIFT_VERSION = 3.0;
			};
			name = Debug;
		};
		2917B44A1DC886B100B1C9E7 /* Release */ = {
			isa = XCBuildConfiguration;
			baseConfigurationReference = 7A28A71D2196A408D2803971 /* Pods-AtChat.release.xcconfig */;
			buildSettings = {
				ASSETCATALOG_COMPILER_APPICON_NAME = AppIcon;
				ASSETCATALOG_COMPILER_LAUNCHIMAGE_NAME = LaunchImage;
				DEVELOPMENT_TEAM = A57W3P5J93;
				FRAMEWORK_SEARCH_PATHS = (
					"$(inherited)",
					"$(PROJECT_DIR)/AtChat/Class/Lib/SMS_SDK",
				);
				GCC_PREFIX_HEADER = AtChat/AtChat.pch;
				INFOPLIST_FILE = AtChat/Info.plist;
				IPHONEOS_DEPLOYMENT_TARGET = 8.0;
				LD_RUNPATH_SEARCH_PATHS = "$(inherited) @executable_path/Frameworks";
				PRODUCT_BUNDLE_IDENTIFIER = com.pentaq.AtChat;
				PRODUCT_NAME = "$(TARGET_NAME)";
				SWIFT_VERSION = 3.0;
			};
			name = Release;
		};
/* End XCBuildConfiguration section */

/* Begin XCConfigurationList section */
		2917B42C1DC886AD00B1C9E7 /* Build configuration list for PBXProject "AtChat" */ = {
			isa = XCConfigurationList;
			buildConfigurations = (
				2917B4461DC886B100B1C9E7 /* Debug */,
				2917B4471DC886B100B1C9E7 /* Release */,
			);
			defaultConfigurationIsVisible = 0;
			defaultConfigurationName = Release;
		};
		2917B4481DC886B100B1C9E7 /* Build configuration list for PBXNativeTarget "AtChat" */ = {
			isa = XCConfigurationList;
			buildConfigurations = (
				2917B4491DC886B100B1C9E7 /* Debug */,
				2917B44A1DC886B100B1C9E7 /* Release */,
			);
			defaultConfigurationIsVisible = 0;
			defaultConfigurationName = Release;
		};
/* End XCConfigurationList section */
	};
	rootObject = 2917B4291DC886AC00B1C9E7 /* Project object */;
}
