PODS:
  - AFNetworking (3.1.0):
    - AFNetworking/NSURLSession (= 3.1.0)
    - AFNetworking/Reachability (= 3.1.0)
    - AFNetworking/Security (= 3.1.0)
    - AFNetworking/Serialization (= 3.1.0)
    - AFNetworking/UIKit (= 3.1.0)
  - AFNetworking/NSURLSession (3.1.0):
    - AFNetworking/Reachability
    - AFNetworking/Security
    - AFNetworking/Serialization
  - AFNetworking/Reachability (3.1.0)
  - AFNetworking/Security (3.1.0)
  - AFNetworking/Serialization (3.1.0)
  - AFNetworking/UIKit (3.1.0):
    - AFNetworking/NSURLSession
  - CocoaAsyncSocket (7.6.0)
  - CocoaLumberjack (3.1.0):
    - CocoaLumberjack/Default (= 3.1.0)
    - CocoaLumberjack/Extensions (= 3.1.0)
  - CocoaLumberjack/Default (3.1.0)
  - CocoaLumberjack/Extensions (3.1.0):
    - CocoaLumberjack/Default
  - FMDB (2.6.2):
    - FMDB/standard (= 2.6.2)
  - FMDB/standard (2.6.2)
  - KissXML (5.2.0)
  - MBProgressHUD (1.0.0)
  - MJRefresh (3.1.12)
  - SDWebImage (3.8.2):
    - SDWebImage/Core (= 3.8.2)
  - SDWebImage/Core (3.8.2)
  - XMPPFramework (3.7.0):
    - CocoaAsyncSocket (~> 7.6.0)
    - CocoaLumberjack
    - KissXML (~> 5.2.0)
  - YTKKeyValueStore (0.1.2):
    - FMDB (~> 2.0)
  - YYKit (1.0.7):
    - YYKit/no-arc (= 1.0.7)
  - YYKit/no-arc (1.0.7)

DEPENDENCIES:
  - AFNetworking (~> 3.0)
  - MBProgressHUD
  - MJRefresh (~> 3.1.12)
  - SDWebImage (~> 3.8.2)
  - XMPPFramework (~> 3.7.0)
  - YTKKeyValueStore
  - YYKit

SPEC CHECKSUMS:
  AFNetworking: 5e0e199f73d8626b11e79750991f5d173d1f8b67
  CocoaAsyncSocket: b9d5589f07baf9de8f34cc25abd4fcba28f13805
  CocoaLumberjack: 8311463ddf9ee86a06ef92a071dd656c89244500
  FMDB: 854a0341b4726e53276f2a8996f06f1b80f9259a
  KissXML: 1c1eeeb6b94e4522cd2f2373e5d0d03c9227738f
  MBProgressHUD: 4890f671c94e8a0f3cf959aa731e9de2f036d71a
  MJRefresh: b96cdb21c4aa75a7b07654311ab2f315c497e806
  SDWebImage: 098e97e6176540799c27e804c96653ee0833d13c
  XMPPFramework: 6f99ad1afcdb0cdbec7192a8e4c542c3fc3de6f8
  YTKKeyValueStore: 4d002941540dd5108fa23009b71e0f2f937f7a0f
  YYKit: 843d1b26e20b82c695790c9a89907eaa1e99907f

PODFILE CHECKSUM: 808719709f9b990925c6c849a54aedc106bc35b0

COCOAPODS: 1.2.0
